// !$*UTF8*$!
{
	archiveVersion = 1;
	classes = {
	};
	objectVersion = 46;
	objects = {

/* Begin PBXBuildFile section */
		B33DC5B317D82C94005388A5 /* UIKit.framework in Frameworks */ = {isa = PBXBuildFile; fileRef = B33DC5B217D82C94005388A5 /* UIKit.framework */; };
		B33DC5B517D82C94005388A5 /* Foundation.framework in Frameworks */ = {isa = PBXBuildFile; fileRef = B33DC5B417D82C94005388A5 /* Foundation.framework */; };
		B33DC5B717D82C94005388A5 /* CoreGraphics.framework in Frameworks */ = {isa = PBXBuildFile; fileRef = B33DC5B617D82C94005388A5 /* CoreGraphics.framework */; };
		B33DC5BD17D82C94005388A5 /* InfoPlist.strings in Resources */ = {isa = PBXBuildFile; fileRef = B33DC5BB17D82C94005388A5 /* InfoPlist.strings */; };
		B33DC5BF17D82C94005388A5 /* main.m in Sources */ = {isa = PBXBuildFile; fileRef = B33DC5BE17D82C94005388A5 /* main.m */; };
		B33DC5C317D82C94005388A5 /* AppDelegate.m in Sources */ = {isa = PBXBuildFile; fileRef = B33DC5C217D82C94005388A5 /* AppDelegate.m */; };
		B33DC5C517D82C94005388A5 /* Default.png in Resources */ = {isa = PBXBuildFile; fileRef = B33DC5C417D82C94005388A5 /* Default.png */; };
		B33DC5C717D82C94005388A5 /* Default@2x.png in Resources */ = {isa = PBXBuildFile; fileRef = B33DC5C617D82C94005388A5 /* Default@2x.png */; };
		B33DC5C917D82C94005388A5 /* Default-568h@2x.png in Resources */ = {isa = PBXBuildFile; fileRef = B33DC5C817D82C94005388A5 /* Default-568h@2x.png */; };
		B33DC5D117D82CBD005388A5 /* PickerView.m in Sources */ = {isa = PBXBuildFile; fileRef = B33DC5D017D82CBD005388A5 /* PickerView.m */; };
		B33DC5D417D82CD1005388A5 /* MainViewController.m in Sources */ = {isa = PBXBuildFile; fileRef = B33DC5D317D82CD1005388A5 /* MainViewController.m */; };
		B33DC5D617D833F8005388A5 /* city.plist in Resources */ = {isa = PBXBuildFile; fileRef = B33DC5D517D833F8005388A5 /* city.plist */; };
/* End PBXBuildFile section */

/* Begin PBXFileReference section */
		B33DC5AF17D82C94005388A5 /* PickerView.app */ = {isa = PBXFileReference; explicitFileType = wrapper.application; includeInIndex = 0; path = PickerView.app; sourceTree = BUILT_PRODUCTS_DIR; };
		B33DC5B217D82C94005388A5 /* UIKit.framework */ = {isa = PBXFileReference; lastKnownFileType = wrapper.framework; name = UIKit.framework; path = System/Library/Frameworks/UIKit.framework; sourceTree = SDKROOT; };
		B33DC5B417D82C94005388A5 /* Foundation.framework */ = {isa = PBXFileReference; lastKnownFileType = wrapper.framework; name = Foundation.framework; path = System/Library/Frameworks/Foundation.framework; sourceTree = SDKROOT; };
		B33DC5B617D82C94005388A5 /* CoreGraphics.framework */ = {isa = PBXFileReference; lastKnownFileType = wrapper.framework; name = CoreGraphics.framework; path = System/Library/Frameworks/CoreGraphics.framework; sourceTree = SDKROOT; };
		B33DC5BA17D82C94005388A5 /* PickerView-Info.plist */ = {isa = PBXFileReference; lastKnownFileType = text.plist.xml; path = "PickerView-Info.plist"; sourceTree = "<group>"; };
		B33DC5BC17D82C94005388A5 /* en */ = {isa = PBXFileReference; lastKnownFileType = text.plist.strings; name = en; path = en.lproj/InfoPlist.strings; sourceTree = "<group>"; };
		B33DC5BE17D82C94005388A5 /* main.m */ = {isa = PBXFileReference; lastKnownFileType = sourcecode.c.objc; path = main.m; sourceTree = "<group>"; };
		B33DC5C017D82C94005388A5 /* PickerView-Prefix.pch */ = {isa = PBXFileReference; lastKnownFileType = sourcecode.c.h; path = "PickerView-Prefix.pch"; sourceTree = "<group>"; };
		B33DC5C117D82C94005388A5 /* AppDelegate.h */ = {isa = PBXFileReference; lastKnownFileType = sourcecode.c.h; path = AppDelegate.h; sourceTree = "<group>"; };
		B33DC5C217D82C94005388A5 /* AppDelegate.m */ = {isa = PBXFileReference; lastKnownFileType = sourcecode.c.objc; path = AppDelegate.m; sourceTree = "<group>"; };
		B33DC5C417D82C94005388A5 /* Default.png */ = {isa = PBXFileReference; lastKnownFileType = image.png; path = Default.png; sourceTree = "<group>"; };
		B33DC5C617D82C94005388A5 /* Default@2x.png */ = {isa = PBXFileReference; lastKnownFileType = image.png; path = "Default@2x.png"; sourceTree = "<group>"; };
		B33DC5C817D82C94005388A5 /* Default-568h@2x.png */ = {isa = PBXFileReference; lastKnownFileType = image.png; path = "Default-568h@2x.png"; sourceTree = "<group>"; };
		B33DC5CF17D82CBD005388A5 /* PickerView.h */ = {isa = PBXFileReference; fileEncoding = 4; lastKnownFileType = sourcecode.c.h; path = PickerView.h; sourceTree = "<group>"; };
		B33DC5D017D82CBD005388A5 /* PickerView.m */ = {isa = PBXFileReference; fileEncoding = 4; lastKnownFileType = sourcecode.c.objc; path = PickerView.m; sourceTree = "<group>"; };
		B33DC5D217D82CD1005388A5 /* MainViewController.h */ = {isa = PBXFileReference; fileEncoding = 4; lastKnownFileType = sourcecode.c.h; path = MainViewController.h; sourceTree = "<group>"; };
		B33DC5D317D82CD1005388A5 /* MainViewController.m */ = {isa = PBXFileReference; fileEncoding = 4; lastKnownFileType = sourcecode.c.objc; path = MainViewController.m; sourceTree = "<group>"; };
		B33DC5D517D833F8005388A5 /* city.plist */ = {isa = PBXFileReference; fileEncoding = 4; lastKnownFileType = text.plist.xml; path = city.plist; sourceTree = "<group>"; };
/* End PBXFileReference section */

/* Begin PBXFrameworksBuildPhase section */
		B33DC5AC17D82C94005388A5 /* Frameworks */ = {
			isa = PBXFrameworksBuildPhase;
			buildActionMask = 2147483647;
			files = (
				B33DC5B317D82C94005388A5 /* UIKit.framework in Frameworks */,
				B33DC5B517D82C94005388A5 /* Foundation.framework in Frameworks */,
				B33DC5B717D82C94005388A5 /* CoreGraphics.framework in Frameworks */,
			);
			runOnlyForDeploymentPostprocessing = 0;
		};
/* End PBXFrameworksBuildPhase section */

/* Begin PBXGroup section */
		B33DC5A617D82C94005388A5 = {
			isa = PBXGroup;
			children = (
				B33DC5B817D82C94005388A5 /* PickerView */,
				B33DC5B117D82C94005388A5 /* Frameworks */,
				B33DC5B017D82C94005388A5 /* Products */,
			);
			sourceTree = "<group>";
		};
		B33DC5B017D82C94005388A5 /* Products */ = {
			isa = PBXGroup;
			children = (
				B33DC5AF17D82C94005388A5 /* PickerView.app */,
			);
			name = Products;
			sourceTree = "<group>";
		};
		B33DC5B117D82C94005388A5 /* Frameworks */ = {
			isa = PBXGroup;
			children = (
				B33DC5B217D82C94005388A5 /* UIKit.framework */,
				B33DC5B417D82C94005388A5 /* Foundation.framework */,
				B33DC5B617D82C94005388A5 /* CoreGraphics.framework */,
			);
			name = Frameworks;
			sourceTree = "<group>";
		};
		B33DC5B817D82C94005388A5 /* PickerView */ = {
			isa = PBXGroup;
			children = (
				B33DC5D517D833F8005388A5 /* city.plist */,
				B33DC5C117D82C94005388A5 /* AppDelegate.h */,
				B33DC5C217D82C94005388A5 /* AppDelegate.m */,
				B33DC5B917D82C94005388A5 /* Supporting Files */,
				B33DC5CF17D82CBD005388A5 /* PickerView.h */,
				B33DC5D017D82CBD005388A5 /* PickerView.m */,
				B33DC5D217D82CD1005388A5 /* MainViewController.h */,
				B33DC5D317D82CD1005388A5 /* MainViewController.m */,
			);
			path = PickerView;
			sourceTree = "<group>";
		};
		B33DC5B917D82C94005388A5 /* Supporting Files */ = {
			isa = PBXGroup;
			children = (
				B33DC5BA17D82C94005388A5 /* PickerView-Info.plist */,
				B33DC5BB17D82C94005388A5 /* InfoPlist.strings */,
				B33DC5BE17D82C94005388A5 /* main.m */,
				B33DC5C017D82C94005388A5 /* PickerView-Prefix.pch */,
				B33DC5C417D82C94005388A5 /* Default.png */,
				B33DC5C617D82C94005388A5 /* Default@2x.png */,
				B33DC5C817D82C94005388A5 /* Default-568h@2x.png */,
			);
			name = "Supporting Files";
			sourceTree = "<group>";
		};
/* End PBXGroup section */

/* Begin PBXNativeTarget section */
		B33DC5AE17D82C94005388A5 /* PickerView */ = {
			isa = PBXNativeTarget;
			buildConfigurationList = B33DC5CC17D82C94005388A5 /* Build configuration list for PBXNativeTarget "PickerView" */;
			buildPhases = (
				B33DC5AB17D82C94005388A5 /* Sources */,
				B33DC5AC17D82C94005388A5 /* Frameworks */,
				B33DC5AD17D82C94005388A5 /* Resources */,
			);
			buildRules = (
			);
			dependencies = (
			);
			name = PickerView;
			productName = PickerView;
			productReference = B33DC5AF17D82C94005388A5 /* PickerView.app */;
			productType = "com.apple.product-type.application";
		};
/* End PBXNativeTarget section */

/* Begin PBXProject section */
		B33DC5A717D82C94005388A5 /* Project object */ = {
			isa = PBXProject;
			attributes = {
				LastUpgradeCheck = 0460;
				ORGANIZATIONNAME = Hendy;
			};
			buildConfigurationList = B33DC5AA17D82C94005388A5 /* Build configuration list for PBXProject "PickerView" */;
			compatibilityVersion = "Xcode 3.2";
			developmentRegion = English;
			hasScannedForEncodings = 0;
			knownRegions = (
				en,
			);
			mainGroup = B33DC5A617D82C94005388A5;
			productRefGroup = B33DC5B017D82C94005388A5 /* Products */;
			projectDirPath = "";
			projectRoot = "";
			targets = (
				B33DC5AE17D82C94005388A5 /* PickerView */,
			);
		};
/* End PBXProject section */

/* Begin PBXResourcesBuildPhase section */
		B33DC5AD17D82C94005388A5 /* Resources */ = {
			isa = PBXResourcesBuildPhase;
			buildActionMask = 2147483647;
			files = (
				B33DC5BD17D82C94005388A5 /* InfoPlist.strings in Resources */,
				B33DC5C517D82C94005388A5 /* Default.png in Resources */,
				B33DC5C717D82C94005388A5 /* Default@2x.png in Resources */,
				B33DC5C917D82C94005388A5 /* Default-568h@2x.png in Resources */,
				B33DC5D617D833F8005388A5 /* city.plist in Resources */,
			);
			runOnlyForDeploymentPostprocessing = 0;
		};
/* End PBXResourcesBuildPhase section */

/* Begin PBXSourcesBuildPhase section */
		B33DC5AB17D82C94005388A5 /* Sources */ = {
			isa = PBXSourcesBuildPhase;
			buildActionMask = 2147483647;
			files = (
				B33DC5BF17D82C94005388A5 /* main.m in Sources */,
				B33DC5C317D82C94005388A5 /* AppDelegate.m in Sources */,
				B33DC5D117D82CBD005388A5 /* PickerView.m in Sources */,
				B33DC5D417D82CD1005388A5 /* MainViewController.m in Sources */,
			);
			runOnlyForDeploymentPostprocessing = 0;
		};
/* End PBXSourcesBuildPhase section */

/* Begin PBXVariantGroup section */
		B33DC5BB17D82C94005388A5 /* InfoPlist.strings */ = {
			isa = PBXVariantGroup;
			children = (
				B33DC5BC17D82C94005388A5 /* en */,
			);
			name = InfoPlist.strings;
			sourceTree = "<group>";
		};
/* End PBXVariantGroup section */

/* Begin XCBuildConfiguration section */
		B33DC5CA17D82C94005388A5 /* Debug */ = {
			isa = XCBuildConfiguration;
			buildSettings = {
				ALWAYS_SEARCH_USER_PATHS = NO;
				CLANG_CXX_LANGUAGE_STANDARD = "gnu++0x";
				CLANG_CXX_LIBRARY = "libc++";
				CLANG_WARN_CONSTANT_CONVERSION = YES;
				CLANG_WARN_EMPTY_BODY = YES;
				CLANG_WARN_ENUM_CONVERSION = YES;
				CLANG_WARN_INT_CONVERSION = YES;
				CLANG_WARN__DUPLICATE_METHOD_MATCH = YES;
				"CODE_SIGN_IDENTITY[sdk=iphoneos*]" = "iPhone Developer";
				COPY_PHASE_STRIP = NO;
				GCC_C_LANGUAGE_STANDARD = gnu99;
				GCC_DYNAMIC_NO_PIC = NO;
				GCC_OPTIMIZATION_LEVEL = 0;
				GCC_PREPROCESSOR_DEFINITIONS = (
					"DEBUG=1",
					"$(inherited)",
				);
				GCC_SYMBOLS_PRIVATE_EXTERN = NO;
				GCC_WARN_ABOUT_RETURN_TYPE = YES;
				GCC_WARN_UNINITIALIZED_AUTOS = YES;
				GCC_WARN_UNUSED_VARIABLE = YES;
				IPHONEOS_DEPLOYMENT_TARGET = 6.1;
				ONLY_ACTIVE_ARCH = YES;
				SDKROOT = iphoneos;
			};
			name = Debug;
		};
		B33DC5CB17D82C94005388A5 /* Release */ = {
			isa = XCBuildConfiguration;
			buildSettings = {
				ALWAYS_SEARCH_USER_PATHS = NO;
				CLANG_CXX_LANGUAGE_STANDARD = "gnu++0x";
				CLANG_CXX_LIBRARY = "libc++";
				CLANG_WARN_CONSTANT_CONVERSION = YES;
				CLANG_WARN_EMPTY_BODY = YES;
				CLANG_WARN_ENUM_CONVERSION = YES;
				CLANG_WARN_INT_CONVERSION = YES;
				CLANG_WARN__DUPLICATE_METHOD_MATCH = YES;
				"CODE_SIGN_IDENTITY[sdk=iphoneos*]" = "iPhone Developer";
				COPY_PHASE_STRIP = YES;
				GCC_C_LANGUAGE_STANDARD = gnu99;
				GCC_WARN_ABOUT_RETURN_TYPE = YES;
				GCC_WARN_UNINITIALIZED_AUTOS = YES;
				GCC_WARN_UNUSED_VARIABLE = YES;
				IPHONEOS_DEPLOYMENT_TARGET = 6.1;
				OTHER_CFLAGS = "-DNS_BLOCK_ASSERTIONS=1";
				SDKROOT = iphoneos;
				VALIDATE_PRODUCT = YES;
			};
			name = Release;
		};
		B33DC5CD17D82C94005388A5 /* Debug */ = {
			isa = XCBuildConfiguration;
			buildSettings = {
				GCC_PRECOMPILE_PREFIX_HEADER = YES;
				GCC_PREFIX_HEADER = "PickerView/PickerView-Prefix.pch";
				INFOPLIST_FILE = "PickerView/PickerView-Info.plist";
				PRODUCT_NAME = "$(TARGET_NAME)";
				WRAPPER_EXTENSION = app;
			};
			name = Debug;
		};
		B33DC5CE17D82C94005388A5 /* Release */ = {
			isa = XCBuildConfiguration;
			buildSettings = {
				GCC_PRECOMPILE_PREFIX_HEADER = YES;
				GCC_PREFIX_HEADER = "PickerView/PickerView-Prefix.pch";
				INFOPLIST_FILE = "PickerView/PickerView-Info.plist";
				PRODUCT_NAME = "$(TARGET_NAME)";
				WRAPPER_EXTENSION = app;
			};
			name = Release;
		};
/* End XCBuildConfiguration section */

/* Begin XCConfigurationList section */
		B33DC5AA17D82C94005388A5 /* Build configuration list for PBXProject "PickerView" */ = {
			isa = XCConfigurationList;
			buildConfigurations = (
				B33DC5CA17D82C94005388A5 /* Debug */,
				B33DC5CB17D82C94005388A5 /* Release */,
			);
			defaultConfigurationIsVisible = 0;
			defaultConfigurationName = Release;
		};
		B33DC5CC17D82C94005388A5 /* Build configuration list for PBXNativeTarget "PickerView" */ = {
			isa = XCConfigurationList;
			buildConfigurations = (
				B33DC5CD17D82C94005388A5 /* Debug */,
				B33DC5CE17D82C94005388A5 /* Release */,
			);
			defaultConfigurationIsVisible = 0;
		};
/* End XCConfigurationList section */
	};
	rootObject = B33DC5A717D82C94005388A5 /* Project object */;
}
