// !$*UTF8*$!
{
	archiveVersion = 1;
	classes = {
	};
	objectVersion = 46;
	objects = {

/* Begin PBXBuildFile section */
		B3FE254117CCCB8000BC81AF /* UIKit.framework in Frameworks */ = {isa = PBXBuildFile; fileRef = B3FE254017CCCB8000BC81AF /* UIKit.framework */; };
		B3FE254317CCCB8000BC81AF /* Foundation.framework in Frameworks */ = {isa = PBXBuildFile; fileRef = B3FE254217CCCB8000BC81AF /* Foundation.framework */; };
		B3FE254517CCCB8000BC81AF /* CoreGraphics.framework in Frameworks */ = {isa = PBXBuildFile; fileRef = B3FE254417CCCB8000BC81AF /* CoreGraphics.framework */; };
		B3FE254B17CCCB8000BC81AF /* InfoPlist.strings in Resources */ = {isa = PBXBuildFile; fileRef = B3FE254917CCCB8000BC81AF /* InfoPlist.strings */; };
		B3FE254D17CCCB8000BC81AF /* main.m in Sources */ = {isa = PBXBuildFile; fileRef = B3FE254C17CCCB8000BC81AF /* main.m */; };
		B3FE255117CCCB8000BC81AF /* AppDelegate.m in Sources */ = {isa = PBXBuildFile; fileRef = B3FE255017CCCB8000BC81AF /* AppDelegate.m */; };
		B3FE255317CCCB8000BC81AF /* Default.png in Resources */ = {isa = PBXBuildFile; fileRef = B3FE255217CCCB8000BC81AF /* Default.png */; };
		B3FE255517CCCB8000BC81AF /* Default@2x.png in Resources */ = {isa = PBXBuildFile; fileRef = B3FE255417CCCB8000BC81AF /* Default@2x.png */; };
		B3FE255717CCCB8000BC81AF /* Default-568h@2x.png in Resources */ = {isa = PBXBuildFile; fileRef = B3FE255617CCCB8000BC81AF /* Default-568h@2x.png */; };
		B3FE256017CCCD4F00BC81AF /* blueButton.png in Resources */ = {isa = PBXBuildFile; fileRef = B3FE255E17CCCD4F00BC81AF /* blueButton.png */; };
		B3FE256117CCCD4F00BC81AF /* whiteButton.png in Resources */ = {isa = PBXBuildFile; fileRef = B3FE255F17CCCD4F00BC81AF /* whiteButton.png */; };
/* End PBXBuildFile section */

/* Begin PBXFileReference section */
		B3FE253D17CCCB8000BC81AF /* Button.app */ = {isa = PBXFileReference; explicitFileType = wrapper.application; includeInIndex = 0; path = Button.app; sourceTree = BUILT_PRODUCTS_DIR; };
		B3FE254017CCCB8000BC81AF /* UIKit.framework */ = {isa = PBXFileReference; lastKnownFileType = wrapper.framework; name = UIKit.framework; path = System/Library/Frameworks/UIKit.framework; sourceTree = SDKROOT; };
		B3FE254217CCCB8000BC81AF /* Foundation.framework */ = {isa = PBXFileReference; lastKnownFileType = wrapper.framework; name = Foundation.framework; path = System/Library/Frameworks/Foundation.framework; sourceTree = SDKROOT; };
		B3FE254417CCCB8000BC81AF /* CoreGraphics.framework */ = {isa = PBXFileReference; lastKnownFileType = wrapper.framework; name = CoreGraphics.framework; path = System/Library/Frameworks/CoreGraphics.framework; sourceTree = SDKROOT; };
		B3FE254817CCCB8000BC81AF /* Button-Info.plist */ = {isa = PBXFileReference; lastKnownFileType = text.plist.xml; path = "Button-Info.plist"; sourceTree = "<group>"; };
		B3FE254A17CCCB8000BC81AF /* en */ = {isa = PBXFileReference; lastKnownFileType = text.plist.strings; name = en; path = en.lproj/InfoPlist.strings; sourceTree = "<group>"; };
		B3FE254C17CCCB8000BC81AF /* main.m */ = {isa = PBXFileReference; lastKnownFileType = sourcecode.c.objc; path = main.m; sourceTree = "<group>"; };
		B3FE254E17CCCB8000BC81AF /* Button-Prefix.pch */ = {isa = PBXFileReference; lastKnownFileType = sourcecode.c.h; path = "Button-Prefix.pch"; sourceTree = "<group>"; };
		B3FE254F17CCCB8000BC81AF /* AppDelegate.h */ = {isa = PBXFileReference; lastKnownFileType = sourcecode.c.h; path = AppDelegate.h; sourceTree = "<group>"; };
		B3FE255017CCCB8000BC81AF /* AppDelegate.m */ = {isa = PBXFileReference; lastKnownFileType = sourcecode.c.objc; path = AppDelegate.m; sourceTree = "<group>"; };
		B3FE255217CCCB8000BC81AF /* Default.png */ = {isa = PBXFileReference; lastKnownFileType = image.png; path = Default.png; sourceTree = "<group>"; };
		B3FE255417CCCB8000BC81AF /* Default@2x.png */ = {isa = PBXFileReference; lastKnownFileType = image.png; path = "Default@2x.png"; sourceTree = "<group>"; };
		B3FE255617CCCB8000BC81AF /* Default-568h@2x.png */ = {isa = PBXFileReference; lastKnownFileType = image.png; path = "Default-568h@2x.png"; sourceTree = "<group>"; };
		B3FE255E17CCCD4F00BC81AF /* blueButton.png */ = {isa = PBXFileReference; lastKnownFileType = image.png; path = blueButton.png; sourceTree = "<group>"; };
		B3FE255F17CCCD4F00BC81AF /* whiteButton.png */ = {isa = PBXFileReference; lastKnownFileType = image.png; path = whiteButton.png; sourceTree = "<group>"; };
/* End PBXFileReference section */

/* Begin PBXFrameworksBuildPhase section */
		B3FE253A17CCCB8000BC81AF /* Frameworks */ = {
			isa = PBXFrameworksBuildPhase;
			buildActionMask = 2147483647;
			files = (
				B3FE254117CCCB8000BC81AF /* UIKit.framework in Frameworks */,
				B3FE254317CCCB8000BC81AF /* Foundation.framework in Frameworks */,
				B3FE254517CCCB8000BC81AF /* CoreGraphics.framework in Frameworks */,
			);
			runOnlyForDeploymentPostprocessing = 0;
		};
/* End PBXFrameworksBuildPhase section */

/* Begin PBXGroup section */
		B3FE253417CCCB8000BC81AF = {
			isa = PBXGroup;
			children = (
				B3FE255D17CCCD4F00BC81AF /* Images */,
				B3FE254617CCCB8000BC81AF /* Button */,
				B3FE253F17CCCB8000BC81AF /* Frameworks */,
				B3FE253E17CCCB8000BC81AF /* Products */,
			);
			sourceTree = "<group>";
		};
		B3FE253E17CCCB8000BC81AF /* Products */ = {
			isa = PBXGroup;
			children = (
				B3FE253D17CCCB8000BC81AF /* Button.app */,
			);
			name = Products;
			sourceTree = "<group>";
		};
		B3FE253F17CCCB8000BC81AF /* Frameworks */ = {
			isa = PBXGroup;
			children = (
				B3FE254017CCCB8000BC81AF /* UIKit.framework */,
				B3FE254217CCCB8000BC81AF /* Foundation.framework */,
				B3FE254417CCCB8000BC81AF /* CoreGraphics.framework */,
			);
			name = Frameworks;
			sourceTree = "<group>";
		};
		B3FE254617CCCB8000BC81AF /* Button */ = {
			isa = PBXGroup;
			children = (
				B3FE254F17CCCB8000BC81AF /* AppDelegate.h */,
				B3FE255017CCCB8000BC81AF /* AppDelegate.m */,
				B3FE254717CCCB8000BC81AF /* Supporting Files */,
			);
			path = Button;
			sourceTree = "<group>";
		};
		B3FE254717CCCB8000BC81AF /* Supporting Files */ = {
			isa = PBXGroup;
			children = (
				B3FE254817CCCB8000BC81AF /* Button-Info.plist */,
				B3FE254917CCCB8000BC81AF /* InfoPlist.strings */,
				B3FE254C17CCCB8000BC81AF /* main.m */,
				B3FE254E17CCCB8000BC81AF /* Button-Prefix.pch */,
				B3FE255217CCCB8000BC81AF /* Default.png */,
				B3FE255417CCCB8000BC81AF /* Default@2x.png */,
				B3FE255617CCCB8000BC81AF /* Default-568h@2x.png */,
			);
			name = "Supporting Files";
			sourceTree = "<group>";
		};
		B3FE255D17CCCD4F00BC81AF /* Images */ = {
			isa = PBXGroup;
			children = (
				B3FE255E17CCCD4F00BC81AF /* blueButton.png */,
				B3FE255F17CCCD4F00BC81AF /* whiteButton.png */,
			);
			path = Images;
			sourceTree = "<group>";
		};
/* End PBXGroup section */

/* Begin PBXNativeTarget section */
		B3FE253C17CCCB8000BC81AF /* Button */ = {
			isa = PBXNativeTarget;
			buildConfigurationList = B3FE255A17CCCB8000BC81AF /* Build configuration list for PBXNativeTarget "Button" */;
			buildPhases = (
				B3FE253917CCCB8000BC81AF /* Sources */,
				B3FE253A17CCCB8000BC81AF /* Frameworks */,
				B3FE253B17CCCB8000BC81AF /* Resources */,
			);
			buildRules = (
			);
			dependencies = (
			);
			name = Button;
			productName = Button;
			productReference = B3FE253D17CCCB8000BC81AF /* Button.app */;
			productType = "com.apple.product-type.application";
		};
/* End PBXNativeTarget section */

/* Begin PBXProject section */
		B3FE253517CCCB8000BC81AF /* Project object */ = {
			isa = PBXProject;
			attributes = {
				LastUpgradeCheck = 0460;
				ORGANIZATIONNAME = Hendy;
			};
			buildConfigurationList = B3FE253817CCCB8000BC81AF /* Build configuration list for PBXProject "Button" */;
			compatibilityVersion = "Xcode 3.2";
			developmentRegion = English;
			hasScannedForEncodings = 0;
			knownRegions = (
				en,
			);
			mainGroup = B3FE253417CCCB8000BC81AF;
			productRefGroup = B3FE253E17CCCB8000BC81AF /* Products */;
			projectDirPath = "";
			projectRoot = "";
			targets = (
				B3FE253C17CCCB8000BC81AF /* Button */,
			);
		};
/* End PBXProject section */

/* Begin PBXResourcesBuildPhase section */
		B3FE253B17CCCB8000BC81AF /* Resources */ = {
			isa = PBXResourcesBuildPhase;
			buildActionMask = 2147483647;
			files = (
				B3FE254B17CCCB8000BC81AF /* InfoPlist.strings in Resources */,
				B3FE255317CCCB8000BC81AF /* Default.png in Resources */,
				B3FE255517CCCB8000BC81AF /* Default@2x.png in Resources */,
				B3FE255717CCCB8000BC81AF /* Default-568h@2x.png in Resources */,
				B3FE256017CCCD4F00BC81AF /* blueButton.png in Resources */,
				B3FE256117CCCD4F00BC81AF /* whiteButton.png in Resources */,
			);
			runOnlyForDeploymentPostprocessing = 0;
		};
/* End PBXResourcesBuildPhase section */

/* Begin PBXSourcesBuildPhase section */
		B3FE253917CCCB8000BC81AF /* Sources */ = {
			isa = PBXSourcesBuildPhase;
			buildActionMask = 2147483647;
			files = (
				B3FE254D17CCCB8000BC81AF /* main.m in Sources */,
				B3FE255117CCCB8000BC81AF /* AppDelegate.m in Sources */,
			);
			runOnlyForDeploymentPostprocessing = 0;
		};
/* End PBXSourcesBuildPhase section */

/* Begin PBXVariantGroup section */
		B3FE254917CCCB8000BC81AF /* InfoPlist.strings */ = {
			isa = PBXVariantGroup;
			children = (
				B3FE254A17CCCB8000BC81AF /* en */,
			);
			name = InfoPlist.strings;
			sourceTree = "<group>";
		};
/* End PBXVariantGroup section */

/* Begin XCBuildConfiguration section */
		B3FE255817CCCB8000BC81AF /* Debug */ = {
			isa = XCBuildConfiguration;
			buildSettings = {
				ALWAYS_SEARCH_USER_PATHS = NO;
				CLANG_CXX_LANGUAGE_STANDARD = "gnu++0x";
				CLANG_CXX_LIBRARY = "libc++";
				CLANG_WARN_CONSTANT_CONVERSION = YES;
				CLANG_WARN_EMPTY_BODY = YES;
				CLANG_WARN_ENUM_CONVERSION = YES;
				CLANG_WARN_INT_CONVERSION = YES;
				CLANG_WARN__DUPLICATE_METHOD_MATCH = YES;
				"CODE_SIGN_IDENTITY[sdk=iphoneos*]" = "iPhone Developer";
				COPY_PHASE_STRIP = NO;
				GCC_C_LANGUAGE_STANDARD = gnu99;
				GCC_DYNAMIC_NO_PIC = NO;
				GCC_OPTIMIZATION_LEVEL = 0;
				GCC_PREPROCESSOR_DEFINITIONS = (
					"DEBUG=1",
					"$(inherited)",
				);
				GCC_SYMBOLS_PRIVATE_EXTERN = NO;
				GCC_WARN_ABOUT_RETURN_TYPE = YES;
				GCC_WARN_UNINITIALIZED_AUTOS = YES;
				GCC_WARN_UNUSED_VARIABLE = YES;
				IPHONEOS_DEPLOYMENT_TARGET = 6.1;
				ONLY_ACTIVE_ARCH = YES;
				SDKROOT = iphoneos;
			};
			name = Debug;
		};
		B3FE255917CCCB8000BC81AF /* Release */ = {
			isa = XCBuildConfiguration;
			buildSettings = {
				ALWAYS_SEARCH_USER_PATHS = NO;
				CLANG_CXX_LANGUAGE_STANDARD = "gnu++0x";
				CLANG_CXX_LIBRARY = "libc++";
				CLANG_WARN_CONSTANT_CONVERSION = YES;
				CLANG_WARN_EMPTY_BODY = YES;
				CLANG_WARN_ENUM_CONVERSION = YES;
				CLANG_WARN_INT_CONVERSION = YES;
				CLANG_WARN__DUPLICATE_METHOD_MATCH = YES;
				"CODE_SIGN_IDENTITY[sdk=iphoneos*]" = "iPhone Developer";
				COPY_PHASE_STRIP = YES;
				GCC_C_LANGUAGE_STANDARD = gnu99;
				GCC_WARN_ABOUT_RETURN_TYPE = YES;
				GCC_WARN_UNINITIALIZED_AUTOS = YES;
				GCC_WARN_UNUSED_VARIABLE = YES;
				IPHONEOS_DEPLOYMENT_TARGET = 6.1;
				OTHER_CFLAGS = "-DNS_BLOCK_ASSERTIONS=1";
				SDKROOT = iphoneos;
				VALIDATE_PRODUCT = YES;
			};
			name = Release;
		};
		B3FE255B17CCCB8000BC81AF /* Debug */ = {
			isa = XCBuildConfiguration;
			buildSettings = {
				GCC_PRECOMPILE_PREFIX_HEADER = YES;
				GCC_PREFIX_HEADER = "Button/Button-Prefix.pch";
				INFOPLIST_FILE = "Button/Button-Info.plist";
				PRODUCT_NAME = "$(TARGET_NAME)";
				WRAPPER_EXTENSION = app;
			};
			name = Debug;
		};
		B3FE255C17CCCB8000BC81AF /* Release */ = {
			isa = XCBuildConfiguration;
			buildSettings = {
				GCC_PRECOMPILE_PREFIX_HEADER = YES;
				GCC_PREFIX_HEADER = "Button/Button-Prefix.pch";
				INFOPLIST_FILE = "Button/Button-Info.plist";
				PRODUCT_NAME = "$(TARGET_NAME)";
				WRAPPER_EXTENSION = app;
			};
			name = Release;
		};
/* End XCBuildConfiguration section */

/* Begin XCConfigurationList section */
		B3FE253817CCCB8000BC81AF /* Build configuration list for PBXProject "Button" */ = {
			isa = XCConfigurationList;
			buildConfigurations = (
				B3FE255817CCCB8000BC81AF /* Debug */,
				B3FE255917CCCB8000BC81AF /* Release */,
			);
			defaultConfigurationIsVisible = 0;
			defaultConfigurationName = Release;
		};
		B3FE255A17CCCB8000BC81AF /* Build configuration list for PBXNativeTarget "Button" */ = {
			isa = XCConfigurationList;
			buildConfigurations = (
				B3FE255B17CCCB8000BC81AF /* Debug */,
				B3FE255C17CCCB8000BC81AF /* Release */,
			);
			defaultConfigurationIsVisible = 0;
		};
/* End XCConfigurationList section */
	};
	rootObject = B3FE253517CCCB8000BC81AF /* Project object */;
}
