// !$*UTF8*$!
{
	archiveVersion = 1;
	classes = {
	};
	objectVersion = 46;
	objects = {

/* Begin PBXBuildFile section */
		B33DC63917D8A66C005388A5 /* UIKit.framework in Frameworks */ = {isa = PBXBuildFile; fileRef = B33DC63817D8A66C005388A5 /* UIKit.framework */; };
		B33DC63B17D8A66C005388A5 /* Foundation.framework in Frameworks */ = {isa = PBXBuildFile; fileRef = B33DC63A17D8A66C005388A5 /* Foundation.framework */; };
		B33DC63D17D8A66C005388A5 /* CoreGraphics.framework in Frameworks */ = {isa = PBXBuildFile; fileRef = B33DC63C17D8A66C005388A5 /* CoreGraphics.framework */; };
		B33DC64317D8A66C005388A5 /* InfoPlist.strings in Resources */ = {isa = PBXBuildFile; fileRef = B33DC64117D8A66C005388A5 /* InfoPlist.strings */; };
		B33DC64517D8A66C005388A5 /* main.m in Sources */ = {isa = PBXBuildFile; fileRef = B33DC64417D8A66C005388A5 /* main.m */; };
		B33DC64917D8A66C005388A5 /* AppDelegate.m in Sources */ = {isa = PBXBuildFile; fileRef = B33DC64817D8A66C005388A5 /* AppDelegate.m */; };
		B33DC64B17D8A66C005388A5 /* Default.png in Resources */ = {isa = PBXBuildFile; fileRef = B33DC64A17D8A66C005388A5 /* Default.png */; };
		B33DC64D17D8A66C005388A5 /* Default@2x.png in Resources */ = {isa = PBXBuildFile; fileRef = B33DC64C17D8A66C005388A5 /* Default@2x.png */; };
		B33DC64F17D8A66C005388A5 /* Default-568h@2x.png in Resources */ = {isa = PBXBuildFile; fileRef = B33DC64E17D8A66C005388A5 /* Default-568h@2x.png */; };
		B33DC65717D8A682005388A5 /* MainViewController.m in Sources */ = {isa = PBXBuildFile; fileRef = B33DC65617D8A682005388A5 /* MainViewController.m */; };
/* End PBXBuildFile section */

/* Begin PBXFileReference section */
		B33DC63517D8A66C005388A5 /* FontPicker.app */ = {isa = PBXFileReference; explicitFileType = wrapper.application; includeInIndex = 0; path = FontPicker.app; sourceTree = BUILT_PRODUCTS_DIR; };
		B33DC63817D8A66C005388A5 /* UIKit.framework */ = {isa = PBXFileReference; lastKnownFileType = wrapper.framework; name = UIKit.framework; path = System/Library/Frameworks/UIKit.framework; sourceTree = SDKROOT; };
		B33DC63A17D8A66C005388A5 /* Foundation.framework */ = {isa = PBXFileReference; lastKnownFileType = wrapper.framework; name = Foundation.framework; path = System/Library/Frameworks/Foundation.framework; sourceTree = SDKROOT; };
		B33DC63C17D8A66C005388A5 /* CoreGraphics.framework */ = {isa = PBXFileReference; lastKnownFileType = wrapper.framework; name = CoreGraphics.framework; path = System/Library/Frameworks/CoreGraphics.framework; sourceTree = SDKROOT; };
		B33DC64017D8A66C005388A5 /* FontPicker-Info.plist */ = {isa = PBXFileReference; lastKnownFileType = text.plist.xml; path = "FontPicker-Info.plist"; sourceTree = "<group>"; };
		B33DC64217D8A66C005388A5 /* en */ = {isa = PBXFileReference; lastKnownFileType = text.plist.strings; name = en; path = en.lproj/InfoPlist.strings; sourceTree = "<group>"; };
		B33DC64417D8A66C005388A5 /* main.m */ = {isa = PBXFileReference; lastKnownFileType = sourcecode.c.objc; path = main.m; sourceTree = "<group>"; };
		B33DC64617D8A66C005388A5 /* FontPicker-Prefix.pch */ = {isa = PBXFileReference; lastKnownFileType = sourcecode.c.h; path = "FontPicker-Prefix.pch"; sourceTree = "<group>"; };
		B33DC64717D8A66C005388A5 /* AppDelegate.h */ = {isa = PBXFileReference; lastKnownFileType = sourcecode.c.h; path = AppDelegate.h; sourceTree = "<group>"; };
		B33DC64817D8A66C005388A5 /* AppDelegate.m */ = {isa = PBXFileReference; lastKnownFileType = sourcecode.c.objc; path = AppDelegate.m; sourceTree = "<group>"; };
		B33DC64A17D8A66C005388A5 /* Default.png */ = {isa = PBXFileReference; lastKnownFileType = image.png; path = Default.png; sourceTree = "<group>"; };
		B33DC64C17D8A66C005388A5 /* Default@2x.png */ = {isa = PBXFileReference; lastKnownFileType = image.png; path = "Default@2x.png"; sourceTree = "<group>"; };
		B33DC64E17D8A66C005388A5 /* Default-568h@2x.png */ = {isa = PBXFileReference; lastKnownFileType = image.png; path = "Default-568h@2x.png"; sourceTree = "<group>"; };
		B33DC65517D8A682005388A5 /* MainViewController.h */ = {isa = PBXFileReference; fileEncoding = 4; lastKnownFileType = sourcecode.c.h; path = MainViewController.h; sourceTree = "<group>"; };
		B33DC65617D8A682005388A5 /* MainViewController.m */ = {isa = PBXFileReference; fileEncoding = 4; lastKnownFileType = sourcecode.c.objc; path = MainViewController.m; sourceTree = "<group>"; };
/* End PBXFileReference section */

/* Begin PBXFrameworksBuildPhase section */
		B33DC63217D8A66C005388A5 /* Frameworks */ = {
			isa = PBXFrameworksBuildPhase;
			buildActionMask = 2147483647;
			files = (
				B33DC63917D8A66C005388A5 /* UIKit.framework in Frameworks */,
				B33DC63B17D8A66C005388A5 /* Foundation.framework in Frameworks */,
				B33DC63D17D8A66C005388A5 /* CoreGraphics.framework in Frameworks */,
			);
			runOnlyForDeploymentPostprocessing = 0;
		};
/* End PBXFrameworksBuildPhase section */

/* Begin PBXGroup section */
		B33DC62C17D8A66C005388A5 = {
			isa = PBXGroup;
			children = (
				B33DC63E17D8A66C005388A5 /* FontPicker */,
				B33DC63717D8A66C005388A5 /* Frameworks */,
				B33DC63617D8A66C005388A5 /* Products */,
			);
			sourceTree = "<group>";
		};
		B33DC63617D8A66C005388A5 /* Products */ = {
			isa = PBXGroup;
			children = (
				B33DC63517D8A66C005388A5 /* FontPicker.app */,
			);
			name = Products;
			sourceTree = "<group>";
		};
		B33DC63717D8A66C005388A5 /* Frameworks */ = {
			isa = PBXGroup;
			children = (
				B33DC63817D8A66C005388A5 /* UIKit.framework */,
				B33DC63A17D8A66C005388A5 /* Foundation.framework */,
				B33DC63C17D8A66C005388A5 /* CoreGraphics.framework */,
			);
			name = Frameworks;
			sourceTree = "<group>";
		};
		B33DC63E17D8A66C005388A5 /* FontPicker */ = {
			isa = PBXGroup;
			children = (
				B33DC64717D8A66C005388A5 /* AppDelegate.h */,
				B33DC64817D8A66C005388A5 /* AppDelegate.m */,
				B33DC63F17D8A66C005388A5 /* Supporting Files */,
				B33DC65517D8A682005388A5 /* MainViewController.h */,
				B33DC65617D8A682005388A5 /* MainViewController.m */,
			);
			path = FontPicker;
			sourceTree = "<group>";
		};
		B33DC63F17D8A66C005388A5 /* Supporting Files */ = {
			isa = PBXGroup;
			children = (
				B33DC64017D8A66C005388A5 /* FontPicker-Info.plist */,
				B33DC64117D8A66C005388A5 /* InfoPlist.strings */,
				B33DC64417D8A66C005388A5 /* main.m */,
				B33DC64617D8A66C005388A5 /* FontPicker-Prefix.pch */,
				B33DC64A17D8A66C005388A5 /* Default.png */,
				B33DC64C17D8A66C005388A5 /* Default@2x.png */,
				B33DC64E17D8A66C005388A5 /* Default-568h@2x.png */,
			);
			name = "Supporting Files";
			sourceTree = "<group>";
		};
/* End PBXGroup section */

/* Begin PBXNativeTarget section */
		B33DC63417D8A66C005388A5 /* FontPicker */ = {
			isa = PBXNativeTarget;
			buildConfigurationList = B33DC65217D8A66C005388A5 /* Build configuration list for PBXNativeTarget "FontPicker" */;
			buildPhases = (
				B33DC63117D8A66C005388A5 /* Sources */,
				B33DC63217D8A66C005388A5 /* Frameworks */,
				B33DC63317D8A66C005388A5 /* Resources */,
			);
			buildRules = (
			);
			dependencies = (
			);
			name = FontPicker;
			productName = FontPicker;
			productReference = B33DC63517D8A66C005388A5 /* FontPicker.app */;
			productType = "com.apple.product-type.application";
		};
/* End PBXNativeTarget section */

/* Begin PBXProject section */
		B33DC62D17D8A66C005388A5 /* Project object */ = {
			isa = PBXProject;
			attributes = {
				LastUpgradeCheck = 0460;
				ORGANIZATIONNAME = Hendy;
			};
			buildConfigurationList = B33DC63017D8A66C005388A5 /* Build configuration list for PBXProject "FontPicker" */;
			compatibilityVersion = "Xcode 3.2";
			developmentRegion = English;
			hasScannedForEncodings = 0;
			knownRegions = (
				en,
			);
			mainGroup = B33DC62C17D8A66C005388A5;
			productRefGroup = B33DC63617D8A66C005388A5 /* Products */;
			projectDirPath = "";
			projectRoot = "";
			targets = (
				B33DC63417D8A66C005388A5 /* FontPicker */,
			);
		};
/* End PBXProject section */

/* Begin PBXResourcesBuildPhase section */
		B33DC63317D8A66C005388A5 /* Resources */ = {
			isa = PBXResourcesBuildPhase;
			buildActionMask = 2147483647;
			files = (
				B33DC64317D8A66C005388A5 /* InfoPlist.strings in Resources */,
				B33DC64B17D8A66C005388A5 /* Default.png in Resources */,
				B33DC64D17D8A66C005388A5 /* Default@2x.png in Resources */,
				B33DC64F17D8A66C005388A5 /* Default-568h@2x.png in Resources */,
			);
			runOnlyForDeploymentPostprocessing = 0;
		};
/* End PBXResourcesBuildPhase section */

/* Begin PBXSourcesBuildPhase section */
		B33DC63117D8A66C005388A5 /* Sources */ = {
			isa = PBXSourcesBuildPhase;
			buildActionMask = 2147483647;
			files = (
				B33DC64517D8A66C005388A5 /* main.m in Sources */,
				B33DC64917D8A66C005388A5 /* AppDelegate.m in Sources */,
				B33DC65717D8A682005388A5 /* MainViewController.m in Sources */,
			);
			runOnlyForDeploymentPostprocessing = 0;
		};
/* End PBXSourcesBuildPhase section */

/* Begin PBXVariantGroup section */
		B33DC64117D8A66C005388A5 /* InfoPlist.strings */ = {
			isa = PBXVariantGroup;
			children = (
				B33DC64217D8A66C005388A5 /* en */,
			);
			name = InfoPlist.strings;
			sourceTree = "<group>";
		};
/* End PBXVariantGroup section */

/* Begin XCBuildConfiguration section */
		B33DC65017D8A66C005388A5 /* Debug */ = {
			isa = XCBuildConfiguration;
			buildSettings = {
				ALWAYS_SEARCH_USER_PATHS = NO;
				CLANG_CXX_LANGUAGE_STANDARD = "gnu++0x";
				CLANG_CXX_LIBRARY = "libc++";
				CLANG_WARN_CONSTANT_CONVERSION = YES;
				CLANG_WARN_EMPTY_BODY = YES;
				CLANG_WARN_ENUM_CONVERSION = YES;
				CLANG_WARN_INT_CONVERSION = YES;
				CLANG_WARN__DUPLICATE_METHOD_MATCH = YES;
				"CODE_SIGN_IDENTITY[sdk=iphoneos*]" = "iPhone Developer";
				COPY_PHASE_STRIP = NO;
				GCC_C_LANGUAGE_STANDARD = gnu99;
				GCC_DYNAMIC_NO_PIC = NO;
				GCC_OPTIMIZATION_LEVEL = 0;
				GCC_PREPROCESSOR_DEFINITIONS = (
					"DEBUG=1",
					"$(inherited)",
				);
				GCC_SYMBOLS_PRIVATE_EXTERN = NO;
				GCC_WARN_ABOUT_RETURN_TYPE = YES;
				GCC_WARN_UNINITIALIZED_AUTOS = YES;
				GCC_WARN_UNUSED_VARIABLE = YES;
				IPHONEOS_DEPLOYMENT_TARGET = 6.1;
				ONLY_ACTIVE_ARCH = YES;
				SDKROOT = iphoneos;
			};
			name = Debug;
		};
		B33DC65117D8A66C005388A5 /* Release */ = {
			isa = XCBuildConfiguration;
			buildSettings = {
				ALWAYS_SEARCH_USER_PATHS = NO;
				CLANG_CXX_LANGUAGE_STANDARD = "gnu++0x";
				CLANG_CXX_LIBRARY = "libc++";
				CLANG_WARN_CONSTANT_CONVERSION = YES;
				CLANG_WARN_EMPTY_BODY = YES;
				CLANG_WARN_ENUM_CONVERSION = YES;
				CLANG_WARN_INT_CONVERSION = YES;
				CLANG_WARN__DUPLICATE_METHOD_MATCH = YES;
				"CODE_SIGN_IDENTITY[sdk=iphoneos*]" = "iPhone Developer";
				COPY_PHASE_STRIP = YES;
				GCC_C_LANGUAGE_STANDARD = gnu99;
				GCC_WARN_ABOUT_RETURN_TYPE = YES;
				GCC_WARN_UNINITIALIZED_AUTOS = YES;
				GCC_WARN_UNUSED_VARIABLE = YES;
				IPHONEOS_DEPLOYMENT_TARGET = 6.1;
				OTHER_CFLAGS = "-DNS_BLOCK_ASSERTIONS=1";
				SDKROOT = iphoneos;
				VALIDATE_PRODUCT = YES;
			};
			name = Release;
		};
		B33DC65317D8A66C005388A5 /* Debug */ = {
			isa = XCBuildConfiguration;
			buildSettings = {
				GCC_PRECOMPILE_PREFIX_HEADER = YES;
				GCC_PREFIX_HEADER = "FontPicker/FontPicker-Prefix.pch";
				INFOPLIST_FILE = "FontPicker/FontPicker-Info.plist";
				PRODUCT_NAME = "$(TARGET_NAME)";
				WRAPPER_EXTENSION = app;
			};
			name = Debug;
		};
		B33DC65417D8A66C005388A5 /* Release */ = {
			isa = XCBuildConfiguration;
			buildSettings = {
				GCC_PRECOMPILE_PREFIX_HEADER = YES;
				GCC_PREFIX_HEADER = "FontPicker/FontPicker-Prefix.pch";
				INFOPLIST_FILE = "FontPicker/FontPicker-Info.plist";
				PRODUCT_NAME = "$(TARGET_NAME)";
				WRAPPER_EXTENSION = app;
			};
			name = Release;
		};
/* End XCBuildConfiguration section */

/* Begin XCConfigurationList section */
		B33DC63017D8A66C005388A5 /* Build configuration list for PBXProject "FontPicker" */ = {
			isa = XCConfigurationList;
			buildConfigurations = (
				B33DC65017D8A66C005388A5 /* Debug */,
				B33DC65117D8A66C005388A5 /* Release */,
			);
			defaultConfigurationIsVisible = 0;
			defaultConfigurationName = Release;
		};
		B33DC65217D8A66C005388A5 /* Build configuration list for PBXNativeTarget "FontPicker" */ = {
			isa = XCConfigurationList;
			buildConfigurations = (
				B33DC65317D8A66C005388A5 /* Debug */,
				B33DC65417D8A66C005388A5 /* Release */,
			);
			defaultConfigurationIsVisible = 0;
		};
/* End XCConfigurationList section */
	};
	rootObject = B33DC62D17D8A66C005388A5 /* Project object */;
}
