// !$*UTF8*$!
{
	archiveVersion = 1;
	classes = {
	};
	objectVersion = 46;
	objects = {

/* Begin PBXBuildFile section */
		B33DC5A517D807A0005388A5 /* BlockButton.m in Sources */ = {isa = PBXBuildFile; fileRef = B33DC5A417D807A0005388A5 /* BlockButton.m */; };
		B358FEBE17D77130003D7E41 /* UIKit.framework in Frameworks */ = {isa = PBXBuildFile; fileRef = B358FEBD17D77130003D7E41 /* UIKit.framework */; };
		B358FEC017D77130003D7E41 /* Foundation.framework in Frameworks */ = {isa = PBXBuildFile; fileRef = B358FEBF17D77130003D7E41 /* Foundation.framework */; };
		B358FEC217D77130003D7E41 /* CoreGraphics.framework in Frameworks */ = {isa = PBXBuildFile; fileRef = B358FEC117D77130003D7E41 /* CoreGraphics.framework */; };
		B358FEC817D77130003D7E41 /* InfoPlist.strings in Resources */ = {isa = PBXBuildFile; fileRef = B358FEC617D77130003D7E41 /* InfoPlist.strings */; };
		B358FECA17D77130003D7E41 /* main.m in Sources */ = {isa = PBXBuildFile; fileRef = B358FEC917D77130003D7E41 /* main.m */; };
		B358FECE17D77130003D7E41 /* AppDelegate.m in Sources */ = {isa = PBXBuildFile; fileRef = B358FECD17D77130003D7E41 /* AppDelegate.m */; };
		B358FED017D77130003D7E41 /* Default.png in Resources */ = {isa = PBXBuildFile; fileRef = B358FECF17D77130003D7E41 /* Default.png */; };
		B358FED217D77130003D7E41 /* Default@2x.png in Resources */ = {isa = PBXBuildFile; fileRef = B358FED117D77130003D7E41 /* Default@2x.png */; };
		B358FED417D77130003D7E41 /* Default-568h@2x.png in Resources */ = {isa = PBXBuildFile; fileRef = B358FED317D77130003D7E41 /* Default-568h@2x.png */; };
		B358FEDC17D7714D003D7E41 /* MainViewController.m in Sources */ = {isa = PBXBuildFile; fileRef = B358FEDB17D7714D003D7E41 /* MainViewController.m */; };
/* End PBXBuildFile section */

/* Begin PBXFileReference section */
		B33DC5A317D807A0005388A5 /* BlockButton.h */ = {isa = PBXFileReference; fileEncoding = 4; lastKnownFileType = sourcecode.c.h; path = BlockButton.h; sourceTree = "<group>"; };
		B33DC5A417D807A0005388A5 /* BlockButton.m */ = {isa = PBXFileReference; fileEncoding = 4; lastKnownFileType = sourcecode.c.objc; path = BlockButton.m; sourceTree = "<group>"; };
		B358FEBA17D77130003D7E41 /* Block.app */ = {isa = PBXFileReference; explicitFileType = wrapper.application; includeInIndex = 0; path = Block.app; sourceTree = BUILT_PRODUCTS_DIR; };
		B358FEBD17D77130003D7E41 /* UIKit.framework */ = {isa = PBXFileReference; lastKnownFileType = wrapper.framework; name = UIKit.framework; path = System/Library/Frameworks/UIKit.framework; sourceTree = SDKROOT; };
		B358FEBF17D77130003D7E41 /* Foundation.framework */ = {isa = PBXFileReference; lastKnownFileType = wrapper.framework; name = Foundation.framework; path = System/Library/Frameworks/Foundation.framework; sourceTree = SDKROOT; };
		B358FEC117D77130003D7E41 /* CoreGraphics.framework */ = {isa = PBXFileReference; lastKnownFileType = wrapper.framework; name = CoreGraphics.framework; path = System/Library/Frameworks/CoreGraphics.framework; sourceTree = SDKROOT; };
		B358FEC517D77130003D7E41 /* Block-Info.plist */ = {isa = PBXFileReference; lastKnownFileType = text.plist.xml; path = "Block-Info.plist"; sourceTree = "<group>"; };
		B358FEC717D77130003D7E41 /* en */ = {isa = PBXFileReference; lastKnownFileType = text.plist.strings; name = en; path = en.lproj/InfoPlist.strings; sourceTree = "<group>"; };
		B358FEC917D77130003D7E41 /* main.m */ = {isa = PBXFileReference; lastKnownFileType = sourcecode.c.objc; path = main.m; sourceTree = "<group>"; };
		B358FECB17D77130003D7E41 /* Block-Prefix.pch */ = {isa = PBXFileReference; lastKnownFileType = sourcecode.c.h; path = "Block-Prefix.pch"; sourceTree = "<group>"; };
		B358FECC17D77130003D7E41 /* AppDelegate.h */ = {isa = PBXFileReference; lastKnownFileType = sourcecode.c.h; path = AppDelegate.h; sourceTree = "<group>"; };
		B358FECD17D77130003D7E41 /* AppDelegate.m */ = {isa = PBXFileReference; lastKnownFileType = sourcecode.c.objc; path = AppDelegate.m; sourceTree = "<group>"; };
		B358FECF17D77130003D7E41 /* Default.png */ = {isa = PBXFileReference; lastKnownFileType = image.png; path = Default.png; sourceTree = "<group>"; };
		B358FED117D77130003D7E41 /* Default@2x.png */ = {isa = PBXFileReference; lastKnownFileType = image.png; path = "Default@2x.png"; sourceTree = "<group>"; };
		B358FED317D77130003D7E41 /* Default-568h@2x.png */ = {isa = PBXFileReference; lastKnownFileType = image.png; path = "Default-568h@2x.png"; sourceTree = "<group>"; };
		B358FEDA17D7714D003D7E41 /* MainViewController.h */ = {isa = PBXFileReference; fileEncoding = 4; lastKnownFileType = sourcecode.c.h; path = MainViewController.h; sourceTree = "<group>"; };
		B358FEDB17D7714D003D7E41 /* MainViewController.m */ = {isa = PBXFileReference; fileEncoding = 4; lastKnownFileType = sourcecode.c.objc; path = MainViewController.m; sourceTree = "<group>"; };
/* End PBXFileReference section */

/* Begin PBXFrameworksBuildPhase section */
		B358FEB717D77130003D7E41 /* Frameworks */ = {
			isa = PBXFrameworksBuildPhase;
			buildActionMask = 2147483647;
			files = (
				B358FEBE17D77130003D7E41 /* UIKit.framework in Frameworks */,
				B358FEC017D77130003D7E41 /* Foundation.framework in Frameworks */,
				B358FEC217D77130003D7E41 /* CoreGraphics.framework in Frameworks */,
			);
			runOnlyForDeploymentPostprocessing = 0;
		};
/* End PBXFrameworksBuildPhase section */

/* Begin PBXGroup section */
		B358FEB117D77130003D7E41 = {
			isa = PBXGroup;
			children = (
				B358FEC317D77130003D7E41 /* Block */,
				B358FEBC17D77130003D7E41 /* Frameworks */,
				B358FEBB17D77130003D7E41 /* Products */,
			);
			sourceTree = "<group>";
		};
		B358FEBB17D77130003D7E41 /* Products */ = {
			isa = PBXGroup;
			children = (
				B358FEBA17D77130003D7E41 /* Block.app */,
			);
			name = Products;
			sourceTree = "<group>";
		};
		B358FEBC17D77130003D7E41 /* Frameworks */ = {
			isa = PBXGroup;
			children = (
				B358FEBD17D77130003D7E41 /* UIKit.framework */,
				B358FEBF17D77130003D7E41 /* Foundation.framework */,
				B358FEC117D77130003D7E41 /* CoreGraphics.framework */,
			);
			name = Frameworks;
			sourceTree = "<group>";
		};
		B358FEC317D77130003D7E41 /* Block */ = {
			isa = PBXGroup;
			children = (
				B358FECC17D77130003D7E41 /* AppDelegate.h */,
				B358FECD17D77130003D7E41 /* AppDelegate.m */,
				B358FEDA17D7714D003D7E41 /* MainViewController.h */,
				B358FEDB17D7714D003D7E41 /* MainViewController.m */,
				B33DC5A317D807A0005388A5 /* BlockButton.h */,
				B33DC5A417D807A0005388A5 /* BlockButton.m */,
				B358FEC417D77130003D7E41 /* Supporting Files */,
			);
			path = Block;
			sourceTree = "<group>";
		};
		B358FEC417D77130003D7E41 /* Supporting Files */ = {
			isa = PBXGroup;
			children = (
				B358FEC517D77130003D7E41 /* Block-Info.plist */,
				B358FEC617D77130003D7E41 /* InfoPlist.strings */,
				B358FEC917D77130003D7E41 /* main.m */,
				B358FECB17D77130003D7E41 /* Block-Prefix.pch */,
				B358FECF17D77130003D7E41 /* Default.png */,
				B358FED117D77130003D7E41 /* Default@2x.png */,
				B358FED317D77130003D7E41 /* Default-568h@2x.png */,
			);
			name = "Supporting Files";
			sourceTree = "<group>";
		};
/* End PBXGroup section */

/* Begin PBXNativeTarget section */
		B358FEB917D77130003D7E41 /* Block */ = {
			isa = PBXNativeTarget;
			buildConfigurationList = B358FED717D77130003D7E41 /* Build configuration list for PBXNativeTarget "Block" */;
			buildPhases = (
				B358FEB617D77130003D7E41 /* Sources */,
				B358FEB717D77130003D7E41 /* Frameworks */,
				B358FEB817D77130003D7E41 /* Resources */,
			);
			buildRules = (
			);
			dependencies = (
			);
			name = Block;
			productName = Block;
			productReference = B358FEBA17D77130003D7E41 /* Block.app */;
			productType = "com.apple.product-type.application";
		};
/* End PBXNativeTarget section */

/* Begin PBXProject section */
		B358FEB217D77130003D7E41 /* Project object */ = {
			isa = PBXProject;
			attributes = {
				LastUpgradeCheck = 0460;
				ORGANIZATIONNAME = Hendy;
			};
			buildConfigurationList = B358FEB517D77130003D7E41 /* Build configuration list for PBXProject "Block" */;
			compatibilityVersion = "Xcode 3.2";
			developmentRegion = English;
			hasScannedForEncodings = 0;
			knownRegions = (
				en,
			);
			mainGroup = B358FEB117D77130003D7E41;
			productRefGroup = B358FEBB17D77130003D7E41 /* Products */;
			projectDirPath = "";
			projectRoot = "";
			targets = (
				B358FEB917D77130003D7E41 /* Block */,
			);
		};
/* End PBXProject section */

/* Begin PBXResourcesBuildPhase section */
		B358FEB817D77130003D7E41 /* Resources */ = {
			isa = PBXResourcesBuildPhase;
			buildActionMask = 2147483647;
			files = (
				B358FEC817D77130003D7E41 /* InfoPlist.strings in Resources */,
				B358FED017D77130003D7E41 /* Default.png in Resources */,
				B358FED217D77130003D7E41 /* Default@2x.png in Resources */,
				B358FED417D77130003D7E41 /* Default-568h@2x.png in Resources */,
			);
			runOnlyForDeploymentPostprocessing = 0;
		};
/* End PBXResourcesBuildPhase section */

/* Begin PBXSourcesBuildPhase section */
		B358FEB617D77130003D7E41 /* Sources */ = {
			isa = PBXSourcesBuildPhase;
			buildActionMask = 2147483647;
			files = (
				B358FECA17D77130003D7E41 /* main.m in Sources */,
				B358FECE17D77130003D7E41 /* AppDelegate.m in Sources */,
				B358FEDC17D7714D003D7E41 /* MainViewController.m in Sources */,
				B33DC5A517D807A0005388A5 /* BlockButton.m in Sources */,
			);
			runOnlyForDeploymentPostprocessing = 0;
		};
/* End PBXSourcesBuildPhase section */

/* Begin PBXVariantGroup section */
		B358FEC617D77130003D7E41 /* InfoPlist.strings */ = {
			isa = PBXVariantGroup;
			children = (
				B358FEC717D77130003D7E41 /* en */,
			);
			name = InfoPlist.strings;
			sourceTree = "<group>";
		};
/* End PBXVariantGroup section */

/* Begin XCBuildConfiguration section */
		B358FED517D77130003D7E41 /* Debug */ = {
			isa = XCBuildConfiguration;
			buildSettings = {
				ALWAYS_SEARCH_USER_PATHS = NO;
				CLANG_CXX_LANGUAGE_STANDARD = "gnu++0x";
				CLANG_CXX_LIBRARY = "libc++";
				CLANG_WARN_CONSTANT_CONVERSION = YES;
				CLANG_WARN_EMPTY_BODY = YES;
				CLANG_WARN_ENUM_CONVERSION = YES;
				CLANG_WARN_INT_CONVERSION = YES;
				CLANG_WARN__DUPLICATE_METHOD_MATCH = YES;
				"CODE_SIGN_IDENTITY[sdk=iphoneos*]" = "iPhone Developer";
				COPY_PHASE_STRIP = NO;
				GCC_C_LANGUAGE_STANDARD = gnu99;
				GCC_DYNAMIC_NO_PIC = NO;
				GCC_OPTIMIZATION_LEVEL = 0;
				GCC_PREPROCESSOR_DEFINITIONS = (
					"DEBUG=1",
					"$(inherited)",
				);
				GCC_SYMBOLS_PRIVATE_EXTERN = NO;
				GCC_WARN_ABOUT_RETURN_TYPE = YES;
				GCC_WARN_UNINITIALIZED_AUTOS = YES;
				GCC_WARN_UNUSED_VARIABLE = YES;
				IPHONEOS_DEPLOYMENT_TARGET = 6.1;
				ONLY_ACTIVE_ARCH = YES;
				SDKROOT = iphoneos;
			};
			name = Debug;
		};
		B358FED617D77130003D7E41 /* Release */ = {
			isa = XCBuildConfiguration;
			buildSettings = {
				ALWAYS_SEARCH_USER_PATHS = NO;
				CLANG_CXX_LANGUAGE_STANDARD = "gnu++0x";
				CLANG_CXX_LIBRARY = "libc++";
				CLANG_WARN_CONSTANT_CONVERSION = YES;
				CLANG_WARN_EMPTY_BODY = YES;
				CLANG_WARN_ENUM_CONVERSION = YES;
				CLANG_WARN_INT_CONVERSION = YES;
				CLANG_WARN__DUPLICATE_METHOD_MATCH = YES;
				"CODE_SIGN_IDENTITY[sdk=iphoneos*]" = "iPhone Developer";
				COPY_PHASE_STRIP = YES;
				GCC_C_LANGUAGE_STANDARD = gnu99;
				GCC_WARN_ABOUT_RETURN_TYPE = YES;
				GCC_WARN_UNINITIALIZED_AUTOS = YES;
				GCC_WARN_UNUSED_VARIABLE = YES;
				IPHONEOS_DEPLOYMENT_TARGET = 6.1;
				OTHER_CFLAGS = "-DNS_BLOCK_ASSERTIONS=1";
				SDKROOT = iphoneos;
				VALIDATE_PRODUCT = YES;
			};
			name = Release;
		};
		B358FED817D77130003D7E41 /* Debug */ = {
			isa = XCBuildConfiguration;
			buildSettings = {
				GCC_PRECOMPILE_PREFIX_HEADER = YES;
				GCC_PREFIX_HEADER = "Block/Block-Prefix.pch";
				INFOPLIST_FILE = "Block/Block-Info.plist";
				PRODUCT_NAME = "$(TARGET_NAME)";
				WRAPPER_EXTENSION = app;
			};
			name = Debug;
		};
		B358FED917D77130003D7E41 /* Release */ = {
			isa = XCBuildConfiguration;
			buildSettings = {
				GCC_PRECOMPILE_PREFIX_HEADER = YES;
				GCC_PREFIX_HEADER = "Block/Block-Prefix.pch";
				INFOPLIST_FILE = "Block/Block-Info.plist";
				PRODUCT_NAME = "$(TARGET_NAME)";
				WRAPPER_EXTENSION = app;
			};
			name = Release;
		};
/* End XCBuildConfiguration section */

/* Begin XCConfigurationList section */
		B358FEB517D77130003D7E41 /* Build configuration list for PBXProject "Block" */ = {
			isa = XCConfigurationList;
			buildConfigurations = (
				B358FED517D77130003D7E41 /* Debug */,
				B358FED617D77130003D7E41 /* Release */,
			);
			defaultConfigurationIsVisible = 0;
			defaultConfigurationName = Release;
		};
		B358FED717D77130003D7E41 /* Build configuration list for PBXNativeTarget "Block" */ = {
			isa = XCConfigurationList;
			buildConfigurations = (
				B358FED817D77130003D7E41 /* Debug */,
				B358FED917D77130003D7E41 /* Release */,
			);
			defaultConfigurationIsVisible = 0;
			defaultConfigurationName = Release;
		};
/* End XCConfigurationList section */
	};
	rootObject = B358FEB217D77130003D7E41 /* Project object */;
}
