// !$*UTF8*$!
{
	archiveVersion = 1;
	classes = {
	};
	objectVersion = 46;
	objects = {

/* Begin PBXBuildFile section */
		B323A45217CDBA6100B4F838 /* UIKit.framework in Frameworks */ = {isa = PBXBuildFile; fileRef = B323A45117CDBA6100B4F838 /* UIKit.framework */; };
		B323A45417CDBA6100B4F838 /* Foundation.framework in Frameworks */ = {isa = PBXBuildFile; fileRef = B323A45317CDBA6100B4F838 /* Foundation.framework */; };
		B323A45617CDBA6100B4F838 /* CoreGraphics.framework in Frameworks */ = {isa = PBXBuildFile; fileRef = B323A45517CDBA6100B4F838 /* CoreGraphics.framework */; };
		B323A45C17CDBA6100B4F838 /* InfoPlist.strings in Resources */ = {isa = PBXBuildFile; fileRef = B323A45A17CDBA6100B4F838 /* InfoPlist.strings */; };
		B323A45E17CDBA6100B4F838 /* main.m in Sources */ = {isa = PBXBuildFile; fileRef = B323A45D17CDBA6100B4F838 /* main.m */; };
		B323A46217CDBA6100B4F838 /* AppDelegate.m in Sources */ = {isa = PBXBuildFile; fileRef = B323A46117CDBA6100B4F838 /* AppDelegate.m */; };
		B323A46417CDBA6100B4F838 /* Default.png in Resources */ = {isa = PBXBuildFile; fileRef = B323A46317CDBA6100B4F838 /* Default.png */; };
		B323A46617CDBA6100B4F838 /* Default@2x.png in Resources */ = {isa = PBXBuildFile; fileRef = B323A46517CDBA6100B4F838 /* Default@2x.png */; };
		B323A46817CDBA6100B4F838 /* Default-568h@2x.png in Resources */ = {isa = PBXBuildFile; fileRef = B323A46717CDBA6100B4F838 /* Default-568h@2x.png */; };
		B323A47017CDBA8100B4F838 /* RootViewController.m in Sources */ = {isa = PBXBuildFile; fileRef = B323A46F17CDBA8100B4F838 /* RootViewController.m */; };
		B323A47317CDBCAB00B4F838 /* SecondViewController.m in Sources */ = {isa = PBXBuildFile; fileRef = B323A47217CDBCAB00B4F838 /* SecondViewController.m */; };
		B323A47817CDFB9800B4F838 /* 返回图标.png in Resources */ = {isa = PBXBuildFile; fileRef = B323A47717CDFB9800B4F838 /* 返回图标.png */; };
/* End PBXBuildFile section */

/* Begin PBXFileReference section */
		B323A44E17CDBA6100B4F838 /* ToolBarItem.app */ = {isa = PBXFileReference; explicitFileType = wrapper.application; includeInIndex = 0; path = ToolBarItem.app; sourceTree = BUILT_PRODUCTS_DIR; };
		B323A45117CDBA6100B4F838 /* UIKit.framework */ = {isa = PBXFileReference; lastKnownFileType = wrapper.framework; name = UIKit.framework; path = System/Library/Frameworks/UIKit.framework; sourceTree = SDKROOT; };
		B323A45317CDBA6100B4F838 /* Foundation.framework */ = {isa = PBXFileReference; lastKnownFileType = wrapper.framework; name = Foundation.framework; path = System/Library/Frameworks/Foundation.framework; sourceTree = SDKROOT; };
		B323A45517CDBA6100B4F838 /* CoreGraphics.framework */ = {isa = PBXFileReference; lastKnownFileType = wrapper.framework; name = CoreGraphics.framework; path = System/Library/Frameworks/CoreGraphics.framework; sourceTree = SDKROOT; };
		B323A45917CDBA6100B4F838 /* ToolBarItem-Info.plist */ = {isa = PBXFileReference; lastKnownFileType = text.plist.xml; path = "ToolBarItem-Info.plist"; sourceTree = "<group>"; };
		B323A45B17CDBA6100B4F838 /* en */ = {isa = PBXFileReference; lastKnownFileType = text.plist.strings; name = en; path = en.lproj/InfoPlist.strings; sourceTree = "<group>"; };
		B323A45D17CDBA6100B4F838 /* main.m */ = {isa = PBXFileReference; lastKnownFileType = sourcecode.c.objc; path = main.m; sourceTree = "<group>"; };
		B323A45F17CDBA6100B4F838 /* ToolBarItem-Prefix.pch */ = {isa = PBXFileReference; lastKnownFileType = sourcecode.c.h; path = "ToolBarItem-Prefix.pch"; sourceTree = "<group>"; };
		B323A46017CDBA6100B4F838 /* AppDelegate.h */ = {isa = PBXFileReference; lastKnownFileType = sourcecode.c.h; path = AppDelegate.h; sourceTree = "<group>"; };
		B323A46117CDBA6100B4F838 /* AppDelegate.m */ = {isa = PBXFileReference; lastKnownFileType = sourcecode.c.objc; path = AppDelegate.m; sourceTree = "<group>"; };
		B323A46317CDBA6100B4F838 /* Default.png */ = {isa = PBXFileReference; lastKnownFileType = image.png; path = Default.png; sourceTree = "<group>"; };
		B323A46517CDBA6100B4F838 /* Default@2x.png */ = {isa = PBXFileReference; lastKnownFileType = image.png; path = "Default@2x.png"; sourceTree = "<group>"; };
		B323A46717CDBA6100B4F838 /* Default-568h@2x.png */ = {isa = PBXFileReference; lastKnownFileType = image.png; path = "Default-568h@2x.png"; sourceTree = "<group>"; };
		B323A46E17CDBA8100B4F838 /* RootViewController.h */ = {isa = PBXFileReference; fileEncoding = 4; lastKnownFileType = sourcecode.c.h; path = RootViewController.h; sourceTree = "<group>"; };
		B323A46F17CDBA8100B4F838 /* RootViewController.m */ = {isa = PBXFileReference; fileEncoding = 4; lastKnownFileType = sourcecode.c.objc; path = RootViewController.m; sourceTree = "<group>"; };
		B323A47117CDBCAB00B4F838 /* SecondViewController.h */ = {isa = PBXFileReference; fileEncoding = 4; lastKnownFileType = sourcecode.c.h; path = SecondViewController.h; sourceTree = "<group>"; };
		B323A47217CDBCAB00B4F838 /* SecondViewController.m */ = {isa = PBXFileReference; fileEncoding = 4; lastKnownFileType = sourcecode.c.objc; path = SecondViewController.m; sourceTree = "<group>"; };
		B323A47717CDFB9800B4F838 /* 返回图标.png */ = {isa = PBXFileReference; lastKnownFileType = image.png; path = "返回图标.png"; sourceTree = "<group>"; };
/* End PBXFileReference section */

/* Begin PBXFrameworksBuildPhase section */
		B323A44B17CDBA6100B4F838 /* Frameworks */ = {
			isa = PBXFrameworksBuildPhase;
			buildActionMask = 2147483647;
			files = (
				B323A45217CDBA6100B4F838 /* UIKit.framework in Frameworks */,
				B323A45417CDBA6100B4F838 /* Foundation.framework in Frameworks */,
				B323A45617CDBA6100B4F838 /* CoreGraphics.framework in Frameworks */,
			);
			runOnlyForDeploymentPostprocessing = 0;
		};
/* End PBXFrameworksBuildPhase section */

/* Begin PBXGroup section */
		B323A44517CDBA6100B4F838 = {
			isa = PBXGroup;
			children = (
				B323A45717CDBA6100B4F838 /* ToolBarItem */,
				B323A45017CDBA6100B4F838 /* Frameworks */,
				B323A44F17CDBA6100B4F838 /* Products */,
			);
			sourceTree = "<group>";
		};
		B323A44F17CDBA6100B4F838 /* Products */ = {
			isa = PBXGroup;
			children = (
				B323A44E17CDBA6100B4F838 /* ToolBarItem.app */,
			);
			name = Products;
			sourceTree = "<group>";
		};
		B323A45017CDBA6100B4F838 /* Frameworks */ = {
			isa = PBXGroup;
			children = (
				B323A45117CDBA6100B4F838 /* UIKit.framework */,
				B323A45317CDBA6100B4F838 /* Foundation.framework */,
				B323A45517CDBA6100B4F838 /* CoreGraphics.framework */,
			);
			name = Frameworks;
			sourceTree = "<group>";
		};
		B323A45717CDBA6100B4F838 /* ToolBarItem */ = {
			isa = PBXGroup;
			children = (
				B323A47717CDFB9800B4F838 /* 返回图标.png */,
				B323A46017CDBA6100B4F838 /* AppDelegate.h */,
				B323A46117CDBA6100B4F838 /* AppDelegate.m */,
				B323A46E17CDBA8100B4F838 /* RootViewController.h */,
				B323A46F17CDBA8100B4F838 /* RootViewController.m */,
				B323A47117CDBCAB00B4F838 /* SecondViewController.h */,
				B323A47217CDBCAB00B4F838 /* SecondViewController.m */,
				B323A45817CDBA6100B4F838 /* Supporting Files */,
			);
			name = ToolBarItem;
			path = NavigationController;
			sourceTree = "<group>";
		};
		B323A45817CDBA6100B4F838 /* Supporting Files */ = {
			isa = PBXGroup;
			children = (
				B323A45917CDBA6100B4F838 /* ToolBarItem-Info.plist */,
				B323A45A17CDBA6100B4F838 /* InfoPlist.strings */,
				B323A45D17CDBA6100B4F838 /* main.m */,
				B323A45F17CDBA6100B4F838 /* ToolBarItem-Prefix.pch */,
				B323A46317CDBA6100B4F838 /* Default.png */,
				B323A46517CDBA6100B4F838 /* Default@2x.png */,
				B323A46717CDBA6100B4F838 /* Default-568h@2x.png */,
			);
			name = "Supporting Files";
			sourceTree = "<group>";
		};
/* End PBXGroup section */

/* Begin PBXNativeTarget section */
		B323A44D17CDBA6100B4F838 /* ToolBarItem */ = {
			isa = PBXNativeTarget;
			buildConfigurationList = B323A46B17CDBA6100B4F838 /* Build configuration list for PBXNativeTarget "ToolBarItem" */;
			buildPhases = (
				B323A44A17CDBA6100B4F838 /* Sources */,
				B323A44B17CDBA6100B4F838 /* Frameworks */,
				B323A44C17CDBA6100B4F838 /* Resources */,
			);
			buildRules = (
			);
			dependencies = (
			);
			name = ToolBarItem;
			productName = NavigationController;
			productReference = B323A44E17CDBA6100B4F838 /* ToolBarItem.app */;
			productType = "com.apple.product-type.application";
		};
/* End PBXNativeTarget section */

/* Begin PBXProject section */
		B323A44617CDBA6100B4F838 /* Project object */ = {
			isa = PBXProject;
			attributes = {
				LastUpgradeCheck = 0460;
				ORGANIZATIONNAME = Hendy;
			};
			buildConfigurationList = B323A44917CDBA6100B4F838 /* Build configuration list for PBXProject "ToolBarItem" */;
			compatibilityVersion = "Xcode 3.2";
			developmentRegion = English;
			hasScannedForEncodings = 0;
			knownRegions = (
				en,
			);
			mainGroup = B323A44517CDBA6100B4F838;
			productRefGroup = B323A44F17CDBA6100B4F838 /* Products */;
			projectDirPath = "";
			projectRoot = "";
			targets = (
				B323A44D17CDBA6100B4F838 /* ToolBarItem */,
			);
		};
/* End PBXProject section */

/* Begin PBXResourcesBuildPhase section */
		B323A44C17CDBA6100B4F838 /* Resources */ = {
			isa = PBXResourcesBuildPhase;
			buildActionMask = 2147483647;
			files = (
				B323A45C17CDBA6100B4F838 /* InfoPlist.strings in Resources */,
				B323A46417CDBA6100B4F838 /* Default.png in Resources */,
				B323A46617CDBA6100B4F838 /* Default@2x.png in Resources */,
				B323A46817CDBA6100B4F838 /* Default-568h@2x.png in Resources */,
				B323A47817CDFB9800B4F838 /* 返回图标.png in Resources */,
			);
			runOnlyForDeploymentPostprocessing = 0;
		};
/* End PBXResourcesBuildPhase section */

/* Begin PBXSourcesBuildPhase section */
		B323A44A17CDBA6100B4F838 /* Sources */ = {
			isa = PBXSourcesBuildPhase;
			buildActionMask = 2147483647;
			files = (
				B323A45E17CDBA6100B4F838 /* main.m in Sources */,
				B323A46217CDBA6100B4F838 /* AppDelegate.m in Sources */,
				B323A47017CDBA8100B4F838 /* RootViewController.m in Sources */,
				B323A47317CDBCAB00B4F838 /* SecondViewController.m in Sources */,
			);
			runOnlyForDeploymentPostprocessing = 0;
		};
/* End PBXSourcesBuildPhase section */

/* Begin PBXVariantGroup section */
		B323A45A17CDBA6100B4F838 /* InfoPlist.strings */ = {
			isa = PBXVariantGroup;
			children = (
				B323A45B17CDBA6100B4F838 /* en */,
			);
			name = InfoPlist.strings;
			sourceTree = "<group>";
		};
/* End PBXVariantGroup section */

/* Begin XCBuildConfiguration section */
		B323A46917CDBA6100B4F838 /* Debug */ = {
			isa = XCBuildConfiguration;
			buildSettings = {
				ALWAYS_SEARCH_USER_PATHS = NO;
				CLANG_CXX_LANGUAGE_STANDARD = "gnu++0x";
				CLANG_CXX_LIBRARY = "libc++";
				CLANG_WARN_CONSTANT_CONVERSION = YES;
				CLANG_WARN_EMPTY_BODY = YES;
				CLANG_WARN_ENUM_CONVERSION = YES;
				CLANG_WARN_INT_CONVERSION = YES;
				CLANG_WARN__DUPLICATE_METHOD_MATCH = YES;
				"CODE_SIGN_IDENTITY[sdk=iphoneos*]" = "iPhone Developer";
				COPY_PHASE_STRIP = NO;
				GCC_C_LANGUAGE_STANDARD = gnu99;
				GCC_DYNAMIC_NO_PIC = NO;
				GCC_OPTIMIZATION_LEVEL = 0;
				GCC_PREPROCESSOR_DEFINITIONS = (
					"DEBUG=1",
					"$(inherited)",
				);
				GCC_SYMBOLS_PRIVATE_EXTERN = NO;
				GCC_WARN_ABOUT_RETURN_TYPE = YES;
				GCC_WARN_UNINITIALIZED_AUTOS = YES;
				GCC_WARN_UNUSED_VARIABLE = YES;
				IPHONEOS_DEPLOYMENT_TARGET = 6.1;
				ONLY_ACTIVE_ARCH = YES;
				SDKROOT = iphoneos;
			};
			name = Debug;
		};
		B323A46A17CDBA6100B4F838 /* Release */ = {
			isa = XCBuildConfiguration;
			buildSettings = {
				ALWAYS_SEARCH_USER_PATHS = NO;
				CLANG_CXX_LANGUAGE_STANDARD = "gnu++0x";
				CLANG_CXX_LIBRARY = "libc++";
				CLANG_WARN_CONSTANT_CONVERSION = YES;
				CLANG_WARN_EMPTY_BODY = YES;
				CLANG_WARN_ENUM_CONVERSION = YES;
				CLANG_WARN_INT_CONVERSION = YES;
				CLANG_WARN__DUPLICATE_METHOD_MATCH = YES;
				"CODE_SIGN_IDENTITY[sdk=iphoneos*]" = "iPhone Developer";
				COPY_PHASE_STRIP = YES;
				GCC_C_LANGUAGE_STANDARD = gnu99;
				GCC_WARN_ABOUT_RETURN_TYPE = YES;
				GCC_WARN_UNINITIALIZED_AUTOS = YES;
				GCC_WARN_UNUSED_VARIABLE = YES;
				IPHONEOS_DEPLOYMENT_TARGET = 6.1;
				OTHER_CFLAGS = "-DNS_BLOCK_ASSERTIONS=1";
				SDKROOT = iphoneos;
				VALIDATE_PRODUCT = YES;
			};
			name = Release;
		};
		B323A46C17CDBA6100B4F838 /* Debug */ = {
			isa = XCBuildConfiguration;
			buildSettings = {
				GCC_PRECOMPILE_PREFIX_HEADER = YES;
				GCC_PREFIX_HEADER = "NavigationController/ToolBarItem-Prefix.pch";
				INFOPLIST_FILE = "NavigationController/ToolBarItem-Info.plist";
				PRODUCT_NAME = ToolBarItem;
				WRAPPER_EXTENSION = app;
			};
			name = Debug;
		};
		B323A46D17CDBA6100B4F838 /* Release */ = {
			isa = XCBuildConfiguration;
			buildSettings = {
				GCC_PRECOMPILE_PREFIX_HEADER = YES;
				GCC_PREFIX_HEADER = "NavigationController/ToolBarItem-Prefix.pch";
				INFOPLIST_FILE = "NavigationController/ToolBarItem-Info.plist";
				PRODUCT_NAME = ToolBarItem;
				WRAPPER_EXTENSION = app;
			};
			name = Release;
		};
/* End XCBuildConfiguration section */

/* Begin XCConfigurationList section */
		B323A44917CDBA6100B4F838 /* Build configuration list for PBXProject "ToolBarItem" */ = {
			isa = XCConfigurationList;
			buildConfigurations = (
				B323A46917CDBA6100B4F838 /* Debug */,
				B323A46A17CDBA6100B4F838 /* Release */,
			);
			defaultConfigurationIsVisible = 0;
			defaultConfigurationName = Release;
		};
		B323A46B17CDBA6100B4F838 /* Build configuration list for PBXNativeTarget "ToolBarItem" */ = {
			isa = XCConfigurationList;
			buildConfigurations = (
				B323A46C17CDBA6100B4F838 /* Debug */,
				B323A46D17CDBA6100B4F838 /* Release */,
			);
			defaultConfigurationIsVisible = 0;
			defaultConfigurationName = Release;
		};
/* End XCConfigurationList section */
	};
	rootObject = B323A44617CDBA6100B4F838 /* Project object */;
}
