// !$*UTF8*$!
{
	archiveVersion = 1;
	classes = {
	};
	objectVersion = 46;
	objects = {

/* Begin PBXBuildFile section */
		B3862094170C814200463BD8 /* UIKit.framework in Frameworks */ = {isa = PBXBuildFile; fileRef = B3862093170C814200463BD8 /* UIKit.framework */; };
		B3862096170C814200463BD8 /* Foundation.framework in Frameworks */ = {isa = PBXBuildFile; fileRef = B3862095170C814200463BD8 /* Foundation.framework */; };
		B3862098170C814200463BD8 /* CoreGraphics.framework in Frameworks */ = {isa = PBXBuildFile; fileRef = B3862097170C814200463BD8 /* CoreGraphics.framework */; };
		B386209E170C814200463BD8 /* InfoPlist.strings in Resources */ = {isa = PBXBuildFile; fileRef = B386209C170C814200463BD8 /* InfoPlist.strings */; };
		B38620A0170C814200463BD8 /* main.m in Sources */ = {isa = PBXBuildFile; fileRef = B386209F170C814200463BD8 /* main.m */; };
		B38620A4170C814200463BD8 /* AppDelegate.m in Sources */ = {isa = PBXBuildFile; fileRef = B38620A3170C814200463BD8 /* AppDelegate.m */; };
		B38620A6170C814200463BD8 /* Default.png in Resources */ = {isa = PBXBuildFile; fileRef = B38620A5170C814200463BD8 /* Default.png */; };
		B38620AA170C814300463BD8 /* Default-568h@2x.png in Resources */ = {isa = PBXBuildFile; fileRef = B38620A9170C814300463BD8 /* Default-568h@2x.png */; };
		B38620AD170C814300463BD8 /* MainStoryboard.storyboard in Resources */ = {isa = PBXBuildFile; fileRef = B38620AB170C814300463BD8 /* MainStoryboard.storyboard */; };
		B38620B0170C814300463BD8 /* ViewController.m in Sources */ = {isa = PBXBuildFile; fileRef = B38620AF170C814300463BD8 /* ViewController.m */; };
		B38620BE170C81A600463BD8 /* bear.png in Resources */ = {isa = PBXBuildFile; fileRef = B38620B7170C81A600463BD8 /* bear.png */; };
		B38620BF170C81A600463BD8 /* cat.png in Resources */ = {isa = PBXBuildFile; fileRef = B38620B8170C81A600463BD8 /* cat.png */; };
		B38620C0170C81A600463BD8 /* dog.png in Resources */ = {isa = PBXBuildFile; fileRef = B38620B9170C81A600463BD8 /* dog.png */; };
		B38620C1170C81A600463BD8 /* goose.png in Resources */ = {isa = PBXBuildFile; fileRef = B38620BA170C81A600463BD8 /* goose.png */; };
		B38620C2170C81A600463BD8 /* mouse.png in Resources */ = {isa = PBXBuildFile; fileRef = B38620BB170C81A600463BD8 /* mouse.png */; };
		B38620C3170C81A600463BD8 /* pig.png in Resources */ = {isa = PBXBuildFile; fileRef = B38620BC170C81A600463BD8 /* pig.png */; };
		B38620C4170C81A600463BD8 /* snake.png in Resources */ = {isa = PBXBuildFile; fileRef = B38620BD170C81A600463BD8 /* snake.png */; };
		B38620C7170C81F600463BD8 /* AnimalChooserViewController.m in Sources */ = {isa = PBXBuildFile; fileRef = B38620C6170C81F600463BD8 /* AnimalChooserViewController.m */; };
/* End PBXBuildFile section */

/* Begin PBXFileReference section */
		B3862090170C814200463BD8 /* CustomPicker.app */ = {isa = PBXFileReference; explicitFileType = wrapper.application; includeInIndex = 0; path = CustomPicker.app; sourceTree = BUILT_PRODUCTS_DIR; };
		B3862093170C814200463BD8 /* UIKit.framework */ = {isa = PBXFileReference; lastKnownFileType = wrapper.framework; name = UIKit.framework; path = System/Library/Frameworks/UIKit.framework; sourceTree = SDKROOT; };
		B3862095170C814200463BD8 /* Foundation.framework */ = {isa = PBXFileReference; lastKnownFileType = wrapper.framework; name = Foundation.framework; path = System/Library/Frameworks/Foundation.framework; sourceTree = SDKROOT; };
		B3862097170C814200463BD8 /* CoreGraphics.framework */ = {isa = PBXFileReference; lastKnownFileType = wrapper.framework; name = CoreGraphics.framework; path = System/Library/Frameworks/CoreGraphics.framework; sourceTree = SDKROOT; };
		B386209B170C814200463BD8 /* CustomPicker-Info.plist */ = {isa = PBXFileReference; lastKnownFileType = text.plist.xml; path = "CustomPicker-Info.plist"; sourceTree = "<group>"; };
		B386209D170C814200463BD8 /* en */ = {isa = PBXFileReference; lastKnownFileType = text.plist.strings; name = en; path = en.lproj/InfoPlist.strings; sourceTree = "<group>"; };
		B386209F170C814200463BD8 /* main.m */ = {isa = PBXFileReference; lastKnownFileType = sourcecode.c.objc; path = main.m; sourceTree = "<group>"; };
		B38620A1170C814200463BD8 /* CustomPicker-Prefix.pch */ = {isa = PBXFileReference; lastKnownFileType = sourcecode.c.h; path = "CustomPicker-Prefix.pch"; sourceTree = "<group>"; };
		B38620A2170C814200463BD8 /* AppDelegate.h */ = {isa = PBXFileReference; lastKnownFileType = sourcecode.c.h; path = AppDelegate.h; sourceTree = "<group>"; };
		B38620A3170C814200463BD8 /* AppDelegate.m */ = {isa = PBXFileReference; lastKnownFileType = sourcecode.c.objc; path = AppDelegate.m; sourceTree = "<group>"; };
		B38620A5170C814200463BD8 /* Default.png */ = {isa = PBXFileReference; lastKnownFileType = image.png; path = Default.png; sourceTree = "<group>"; };
		B38620A9170C814300463BD8 /* Default-568h@2x.png */ = {isa = PBXFileReference; lastKnownFileType = image.png; path = "Default-568h@2x.png"; sourceTree = "<group>"; };
		B38620AC170C814300463BD8 /* en */ = {isa = PBXFileReference; lastKnownFileType = file.storyboard; name = en; path = en.lproj/MainStoryboard.storyboard; sourceTree = "<group>"; };
		B38620AE170C814300463BD8 /* ViewController.h */ = {isa = PBXFileReference; lastKnownFileType = sourcecode.c.h; path = ViewController.h; sourceTree = "<group>"; };
		B38620AF170C814300463BD8 /* ViewController.m */ = {isa = PBXFileReference; lastKnownFileType = sourcecode.c.objc; path = ViewController.m; sourceTree = "<group>"; };
		B38620B7170C81A600463BD8 /* bear.png */ = {isa = PBXFileReference; lastKnownFileType = image.png; path = bear.png; sourceTree = "<group>"; };
		B38620B8170C81A600463BD8 /* cat.png */ = {isa = PBXFileReference; lastKnownFileType = image.png; path = cat.png; sourceTree = "<group>"; };
		B38620B9170C81A600463BD8 /* dog.png */ = {isa = PBXFileReference; lastKnownFileType = image.png; path = dog.png; sourceTree = "<group>"; };
		B38620BA170C81A600463BD8 /* goose.png */ = {isa = PBXFileReference; lastKnownFileType = image.png; path = goose.png; sourceTree = "<group>"; };
		B38620BB170C81A600463BD8 /* mouse.png */ = {isa = PBXFileReference; lastKnownFileType = image.png; path = mouse.png; sourceTree = "<group>"; };
		B38620BC170C81A600463BD8 /* pig.png */ = {isa = PBXFileReference; lastKnownFileType = image.png; path = pig.png; sourceTree = "<group>"; };
		B38620BD170C81A600463BD8 /* snake.png */ = {isa = PBXFileReference; lastKnownFileType = image.png; path = snake.png; sourceTree = "<group>"; };
		B38620C5170C81F600463BD8 /* AnimalChooserViewController.h */ = {isa = PBXFileReference; fileEncoding = 4; lastKnownFileType = sourcecode.c.h; path = AnimalChooserViewController.h; sourceTree = "<group>"; };
		B38620C6170C81F600463BD8 /* AnimalChooserViewController.m */ = {isa = PBXFileReference; fileEncoding = 4; lastKnownFileType = sourcecode.c.objc; path = AnimalChooserViewController.m; sourceTree = "<group>"; };
/* End PBXFileReference section */

/* Begin PBXFrameworksBuildPhase section */
		B386208D170C814200463BD8 /* Frameworks */ = {
			isa = PBXFrameworksBuildPhase;
			buildActionMask = 2147483647;
			files = (
				B3862094170C814200463BD8 /* UIKit.framework in Frameworks */,
				B3862096170C814200463BD8 /* Foundation.framework in Frameworks */,
				B3862098170C814200463BD8 /* CoreGraphics.framework in Frameworks */,
			);
			runOnlyForDeploymentPostprocessing = 0;
		};
/* End PBXFrameworksBuildPhase section */

/* Begin PBXGroup section */
		B3862087170C814200463BD8 = {
			isa = PBXGroup;
			children = (
				B3862099170C814200463BD8 /* CustomPicker */,
				B3862092170C814200463BD8 /* Frameworks */,
				B3862091170C814200463BD8 /* Products */,
			);
			sourceTree = "<group>";
		};
		B3862091170C814200463BD8 /* Products */ = {
			isa = PBXGroup;
			children = (
				B3862090170C814200463BD8 /* CustomPicker.app */,
			);
			name = Products;
			sourceTree = "<group>";
		};
		B3862092170C814200463BD8 /* Frameworks */ = {
			isa = PBXGroup;
			children = (
				B3862093170C814200463BD8 /* UIKit.framework */,
				B3862095170C814200463BD8 /* Foundation.framework */,
				B3862097170C814200463BD8 /* CoreGraphics.framework */,
			);
			name = Frameworks;
			sourceTree = "<group>";
		};
		B3862099170C814200463BD8 /* CustomPicker */ = {
			isa = PBXGroup;
			children = (
				B38620B6170C81A600463BD8 /* Images */,
				B38620A2170C814200463BD8 /* AppDelegate.h */,
				B38620A3170C814200463BD8 /* AppDelegate.m */,
				B38620AB170C814300463BD8 /* MainStoryboard.storyboard */,
				B38620C5170C81F600463BD8 /* AnimalChooserViewController.h */,
				B38620C6170C81F600463BD8 /* AnimalChooserViewController.m */,
				B38620AE170C814300463BD8 /* ViewController.h */,
				B38620AF170C814300463BD8 /* ViewController.m */,
				B386209A170C814200463BD8 /* Supporting Files */,
			);
			path = CustomPicker;
			sourceTree = "<group>";
		};
		B386209A170C814200463BD8 /* Supporting Files */ = {
			isa = PBXGroup;
			children = (
				B386209B170C814200463BD8 /* CustomPicker-Info.plist */,
				B386209C170C814200463BD8 /* InfoPlist.strings */,
				B386209F170C814200463BD8 /* main.m */,
				B38620A1170C814200463BD8 /* CustomPicker-Prefix.pch */,
				B38620A5170C814200463BD8 /* Default.png */,
				B38620A9170C814300463BD8 /* Default-568h@2x.png */,
			);
			name = "Supporting Files";
			sourceTree = "<group>";
		};
		B38620B6170C81A600463BD8 /* Images */ = {
			isa = PBXGroup;
			children = (
				B38620B7170C81A600463BD8 /* bear.png */,
				B38620B8170C81A600463BD8 /* cat.png */,
				B38620B9170C81A600463BD8 /* dog.png */,
				B38620BA170C81A600463BD8 /* goose.png */,
				B38620BB170C81A600463BD8 /* mouse.png */,
				B38620BC170C81A600463BD8 /* pig.png */,
				B38620BD170C81A600463BD8 /* snake.png */,
			);
			path = Images;
			sourceTree = "<group>";
		};
/* End PBXGroup section */

/* Begin PBXNativeTarget section */
		B386208F170C814200463BD8 /* CustomPicker */ = {
			isa = PBXNativeTarget;
			buildConfigurationList = B38620B3170C814300463BD8 /* Build configuration list for PBXNativeTarget "CustomPicker" */;
			buildPhases = (
				B386208C170C814200463BD8 /* Sources */,
				B386208D170C814200463BD8 /* Frameworks */,
				B386208E170C814200463BD8 /* Resources */,
			);
			buildRules = (
			);
			dependencies = (
			);
			name = CustomPicker;
			productName = CustomPicker;
			productReference = B3862090170C814200463BD8 /* CustomPicker.app */;
			productType = "com.apple.product-type.application";
		};
/* End PBXNativeTarget section */

/* Begin PBXProject section */
		B3862088170C814200463BD8 /* Project object */ = {
			isa = PBXProject;
			attributes = {
				LastUpgradeCheck = 0460;
				ORGANIZATIONNAME = "Hendy Ou";
			};
			buildConfigurationList = B386208B170C814200463BD8 /* Build configuration list for PBXProject "CustomPicker" */;
			compatibilityVersion = "Xcode 3.2";
			developmentRegion = English;
			hasScannedForEncodings = 0;
			knownRegions = (
				en,
			);
			mainGroup = B3862087170C814200463BD8;
			productRefGroup = B3862091170C814200463BD8 /* Products */;
			projectDirPath = "";
			projectRoot = "";
			targets = (
				B386208F170C814200463BD8 /* CustomPicker */,
			);
		};
/* End PBXProject section */

/* Begin PBXResourcesBuildPhase section */
		B386208E170C814200463BD8 /* Resources */ = {
			isa = PBXResourcesBuildPhase;
			buildActionMask = 2147483647;
			files = (
				B386209E170C814200463BD8 /* InfoPlist.strings in Resources */,
				B38620A6170C814200463BD8 /* Default.png in Resources */,
				B38620AA170C814300463BD8 /* Default-568h@2x.png in Resources */,
				B38620AD170C814300463BD8 /* MainStoryboard.storyboard in Resources */,
				B38620BE170C81A600463BD8 /* bear.png in Resources */,
				B38620BF170C81A600463BD8 /* cat.png in Resources */,
				B38620C0170C81A600463BD8 /* dog.png in Resources */,
				B38620C1170C81A600463BD8 /* goose.png in Resources */,
				B38620C2170C81A600463BD8 /* mouse.png in Resources */,
				B38620C3170C81A600463BD8 /* pig.png in Resources */,
				B38620C4170C81A600463BD8 /* snake.png in Resources */,
			);
			runOnlyForDeploymentPostprocessing = 0;
		};
/* End PBXResourcesBuildPhase section */

/* Begin PBXSourcesBuildPhase section */
		B386208C170C814200463BD8 /* Sources */ = {
			isa = PBXSourcesBuildPhase;
			buildActionMask = 2147483647;
			files = (
				B38620A0170C814200463BD8 /* main.m in Sources */,
				B38620A4170C814200463BD8 /* AppDelegate.m in Sources */,
				B38620B0170C814300463BD8 /* ViewController.m in Sources */,
				B38620C7170C81F600463BD8 /* AnimalChooserViewController.m in Sources */,
			);
			runOnlyForDeploymentPostprocessing = 0;
		};
/* End PBXSourcesBuildPhase section */

/* Begin PBXVariantGroup section */
		B386209C170C814200463BD8 /* InfoPlist.strings */ = {
			isa = PBXVariantGroup;
			children = (
				B386209D170C814200463BD8 /* en */,
			);
			name = InfoPlist.strings;
			sourceTree = "<group>";
		};
		B38620AB170C814300463BD8 /* MainStoryboard.storyboard */ = {
			isa = PBXVariantGroup;
			children = (
				B38620AC170C814300463BD8 /* en */,
			);
			name = MainStoryboard.storyboard;
			sourceTree = "<group>";
		};
/* End PBXVariantGroup section */

/* Begin XCBuildConfiguration section */
		B38620B1170C814300463BD8 /* Debug */ = {
			isa = XCBuildConfiguration;
			buildSettings = {
				ALWAYS_SEARCH_USER_PATHS = NO;
				CLANG_CXX_LANGUAGE_STANDARD = "gnu++0x";
				CLANG_CXX_LIBRARY = "libc++";
				CLANG_ENABLE_OBJC_ARC = YES;
				CLANG_WARN_CONSTANT_CONVERSION = YES;
				CLANG_WARN_EMPTY_BODY = YES;
				CLANG_WARN_ENUM_CONVERSION = YES;
				CLANG_WARN_INT_CONVERSION = YES;
				CLANG_WARN__DUPLICATE_METHOD_MATCH = YES;
				"CODE_SIGN_IDENTITY[sdk=iphoneos*]" = "iPhone Developer";
				COPY_PHASE_STRIP = NO;
				GCC_C_LANGUAGE_STANDARD = gnu99;
				GCC_DYNAMIC_NO_PIC = NO;
				GCC_OPTIMIZATION_LEVEL = 0;
				GCC_PREPROCESSOR_DEFINITIONS = (
					"DEBUG=1",
					"$(inherited)",
				);
				GCC_SYMBOLS_PRIVATE_EXTERN = NO;
				GCC_WARN_ABOUT_RETURN_TYPE = YES;
				GCC_WARN_UNINITIALIZED_AUTOS = YES;
				GCC_WARN_UNUSED_VARIABLE = YES;
				IPHONEOS_DEPLOYMENT_TARGET = 6.1;
				ONLY_ACTIVE_ARCH = YES;
				SDKROOT = iphoneos;
				TARGETED_DEVICE_FAMILY = 2;
			};
			name = Debug;
		};
		B38620B2170C814300463BD8 /* Release */ = {
			isa = XCBuildConfiguration;
			buildSettings = {
				ALWAYS_SEARCH_USER_PATHS = NO;
				CLANG_CXX_LANGUAGE_STANDARD = "gnu++0x";
				CLANG_CXX_LIBRARY = "libc++";
				CLANG_ENABLE_OBJC_ARC = YES;
				CLANG_WARN_CONSTANT_CONVERSION = YES;
				CLANG_WARN_EMPTY_BODY = YES;
				CLANG_WARN_ENUM_CONVERSION = YES;
				CLANG_WARN_INT_CONVERSION = YES;
				CLANG_WARN__DUPLICATE_METHOD_MATCH = YES;
				"CODE_SIGN_IDENTITY[sdk=iphoneos*]" = "iPhone Developer";
				COPY_PHASE_STRIP = YES;
				GCC_C_LANGUAGE_STANDARD = gnu99;
				GCC_WARN_ABOUT_RETURN_TYPE = YES;
				GCC_WARN_UNINITIALIZED_AUTOS = YES;
				GCC_WARN_UNUSED_VARIABLE = YES;
				IPHONEOS_DEPLOYMENT_TARGET = 6.1;
				OTHER_CFLAGS = "-DNS_BLOCK_ASSERTIONS=1";
				SDKROOT = iphoneos;
				TARGETED_DEVICE_FAMILY = 2;
				VALIDATE_PRODUCT = YES;
			};
			name = Release;
		};
		B38620B4170C814300463BD8 /* Debug */ = {
			isa = XCBuildConfiguration;
			buildSettings = {
				GCC_PRECOMPILE_PREFIX_HEADER = YES;
				GCC_PREFIX_HEADER = "CustomPicker/CustomPicker-Prefix.pch";
				INFOPLIST_FILE = "CustomPicker/CustomPicker-Info.plist";
				PRODUCT_NAME = "$(TARGET_NAME)";
				WRAPPER_EXTENSION = app;
			};
			name = Debug;
		};
		B38620B5170C814300463BD8 /* Release */ = {
			isa = XCBuildConfiguration;
			buildSettings = {
				GCC_PRECOMPILE_PREFIX_HEADER = YES;
				GCC_PREFIX_HEADER = "CustomPicker/CustomPicker-Prefix.pch";
				INFOPLIST_FILE = "CustomPicker/CustomPicker-Info.plist";
				PRODUCT_NAME = "$(TARGET_NAME)";
				WRAPPER_EXTENSION = app;
			};
			name = Release;
		};
/* End XCBuildConfiguration section */

/* Begin XCConfigurationList section */
		B386208B170C814200463BD8 /* Build configuration list for PBXProject "CustomPicker" */ = {
			isa = XCConfigurationList;
			buildConfigurations = (
				B38620B1170C814300463BD8 /* Debug */,
				B38620B2170C814300463BD8 /* Release */,
			);
			defaultConfigurationIsVisible = 0;
			defaultConfigurationName = Release;
		};
		B38620B3170C814300463BD8 /* Build configuration list for PBXNativeTarget "CustomPicker" */ = {
			isa = XCConfigurationList;
			buildConfigurations = (
				B38620B4170C814300463BD8 /* Debug */,
				B38620B5170C814300463BD8 /* Release */,
			);
			defaultConfigurationIsVisible = 0;
			defaultConfigurationName = Release;
		};
/* End XCConfigurationList section */
	};
	rootObject = B3862088170C814200463BD8 /* Project object */;
}
